// !$*UTF8*$!
{
	archiveVersion = 1;
	classes = {
	};
	objectVersion = 56;
	objects = {

/* Begin PBXBuildFile section */
		0517F1BB2AE7581000FD855A /* StudyForaApp.swift in Sources */ = {isa = PBXBuildFile; fileRef = 0517F1BA2AE7581000FD855A /* StudyForaApp.swift */; };
		0517F1BD2AE7581000FD855A /* ContentView.swift in Sources */ = {isa = PBXBuildFile; fileRef = 0517F1BC2AE7581000FD855A /* ContentView.swift */; };
		0517F1BF2AE7581100FD855A /* Assets.xcassets in Resources */ = {isa = PBXBuildFile; fileRef = 0517F1BE2AE7581100FD855A /* Assets.xcassets */; };
		0517F1C22AE7581100FD855A /* Preview Assets.xcassets in Resources */ = {isa = PBXBuildFile; fileRef = 0517F1C12AE7581100FD855A /* Preview Assets.xcassets */; };
		0517F1C92AE758F600FD855A /* GoogleService-Info.plist in Resources */ = {isa = PBXBuildFile; fileRef = 0517F1C82AE758F600FD855A /* GoogleService-Info.plist */; };
		0517F1CC2AE75DF700FD855A /* FirebaseAnalytics in Frameworks */ = {isa = PBXBuildFile; productRef = 0517F1CB2AE75DF700FD855A /* FirebaseAnalytics */; };
		0517F1CE2AE75DF700FD855A /* FirebaseAnalyticsOnDeviceConversion in Frameworks */ = {isa = PBXBuildFile; productRef = 0517F1CD2AE75DF700FD855A /* FirebaseAnalyticsOnDeviceConversion */; };
		0517F1D02AE75DF700FD855A /* FirebaseAnalyticsSwift in Frameworks */ = {isa = PBXBuildFile; productRef = 0517F1CF2AE75DF700FD855A /* FirebaseAnalyticsSwift */; };
		0517F1D22AE75DF700FD855A /* FirebaseAnalyticsWithoutAdIdSupport in Frameworks */ = {isa = PBXBuildFile; productRef = 0517F1D12AE75DF700FD855A /* FirebaseAnalyticsWithoutAdIdSupport */; };
		0517F1D42AE75DF700FD855A /* FirebaseAppCheck in Frameworks */ = {isa = PBXBuildFile; productRef = 0517F1D32AE75DF700FD855A /* FirebaseAppCheck */; };
		0517F1D62AE75DF700FD855A /* FirebaseAppDistribution-Beta in Frameworks */ = {isa = PBXBuildFile; productRef = 0517F1D52AE75DF700FD855A /* FirebaseAppDistribution-Beta */; };
		0517F1D82AE75DF700FD855A /* FirebaseAuth in Frameworks */ = {isa = PBXBuildFile; productRef = 0517F1D72AE75DF700FD855A /* FirebaseAuth */; };
		0517F1DA2AE75DF700FD855A /* FirebaseAuthCombine-Community in Frameworks */ = {isa = PBXBuildFile; productRef = 0517F1D92AE75DF700FD855A /* FirebaseAuthCombine-Community */; };
		0517F1DC2AE75DF700FD855A /* FirebaseCrashlytics in Frameworks */ = {isa = PBXBuildFile; productRef = 0517F1DB2AE75DF700FD855A /* FirebaseCrashlytics */; };
		0517F1DE2AE75DF700FD855A /* FirebaseDatabase in Frameworks */ = {isa = PBXBuildFile; productRef = 0517F1DD2AE75DF700FD855A /* FirebaseDatabase */; };
		0517F1E02AE75DF700FD855A /* FirebaseDatabaseSwift in Frameworks */ = {isa = PBXBuildFile; productRef = 0517F1DF2AE75DF700FD855A /* FirebaseDatabaseSwift */; };
		0517F1E22AE75DF700FD855A /* FirebaseDynamicLinks in Frameworks */ = {isa = PBXBuildFile; productRef = 0517F1E12AE75DF700FD855A /* FirebaseDynamicLinks */; };
		0517F1E42AE75DF700FD855A /* FirebaseFirestore in Frameworks */ = {isa = PBXBuildFile; productRef = 0517F1E32AE75DF700FD855A /* FirebaseFirestore */; };
		0517F1E62AE75DF700FD855A /* FirebaseFirestoreCombine-Community in Frameworks */ = {isa = PBXBuildFile; productRef = 0517F1E52AE75DF700FD855A /* FirebaseFirestoreCombine-Community */; };
		0517F1E82AE75DF700FD855A /* FirebaseFirestoreSwift in Frameworks */ = {isa = PBXBuildFile; productRef = 0517F1E72AE75DF700FD855A /* FirebaseFirestoreSwift */; };
		0517F1EA2AE75DF700FD855A /* FirebaseFunctions in Frameworks */ = {isa = PBXBuildFile; productRef = 0517F1E92AE75DF700FD855A /* FirebaseFunctions */; };
		0517F1EC2AE75DF700FD855A /* FirebaseFunctionsCombine-Community in Frameworks */ = {isa = PBXBuildFile; productRef = 0517F1EB2AE75DF700FD855A /* FirebaseFunctionsCombine-Community */; };
		0517F1EE2AE75DF700FD855A /* FirebaseInAppMessaging-Beta in Frameworks */ = {isa = PBXBuildFile; productRef = 0517F1ED2AE75DF700FD855A /* FirebaseInAppMessaging-Beta */; };
		0517F1F02AE75DF700FD855A /* FirebaseInAppMessagingSwift-Beta in Frameworks */ = {isa = PBXBuildFile; productRef = 0517F1EF2AE75DF700FD855A /* FirebaseInAppMessagingSwift-Beta */; };
		0517F1F22AE75DF700FD855A /* FirebaseInstallations in Frameworks */ = {isa = PBXBuildFile; productRef = 0517F1F12AE75DF700FD855A /* FirebaseInstallations */; };
		0517F1F42AE75DF700FD855A /* FirebaseMLModelDownloader in Frameworks */ = {isa = PBXBuildFile; productRef = 0517F1F32AE75DF700FD855A /* FirebaseMLModelDownloader */; };
		0517F1F62AE75DF700FD855A /* FirebaseMessaging in Frameworks */ = {isa = PBXBuildFile; productRef = 0517F1F52AE75DF700FD855A /* FirebaseMessaging */; };
		0517F1F82AE75DF700FD855A /* FirebasePerformance in Frameworks */ = {isa = PBXBuildFile; productRef = 0517F1F72AE75DF700FD855A /* FirebasePerformance */; };
		0517F1FA2AE75DF700FD855A /* FirebaseRemoteConfig in Frameworks */ = {isa = PBXBuildFile; productRef = 0517F1F92AE75DF700FD855A /* FirebaseRemoteConfig */; };
		0517F1FC2AE75DF700FD855A /* FirebaseRemoteConfigSwift in Frameworks */ = {isa = PBXBuildFile; productRef = 0517F1FB2AE75DF700FD855A /* FirebaseRemoteConfigSwift */; };
		0517F1FE2AE75DF700FD855A /* FirebaseStorage in Frameworks */ = {isa = PBXBuildFile; productRef = 0517F1FD2AE75DF700FD855A /* FirebaseStorage */; };
		0517F2002AE75DF700FD855A /* FirebaseStorageCombine-Community in Frameworks */ = {isa = PBXBuildFile; productRef = 0517F1FF2AE75DF700FD855A /* FirebaseStorageCombine-Community */; };
		0517F2032AE7685400FD855A /* AppDelegate.swift in Sources */ = {isa = PBXBuildFile; fileRef = 0517F2022AE7685400FD855A /* AppDelegate.swift */; };
		05364DC32B3704A100B00A16 /* RegisterView.swift in Sources */ = {isa = PBXBuildFile; fileRef = 05364DC22B3704A100B00A16 /* RegisterView.swift */; };
		05364DC62B3704B000B00A16 /* RegisterViewModel.swift in Sources */ = {isa = PBXBuildFile; fileRef = 05364DC52B3704B000B00A16 /* RegisterViewModel.swift */; };
		05364DC92B37075600B00A16 /* StatesEnum.swift in Sources */ = {isa = PBXBuildFile; fileRef = 05364DC82B37075600B00A16 /* StatesEnum.swift */; };
		054BA0002B3A76AB00DC82A2 /* Router.swift in Sources */ = {isa = PBXBuildFile; fileRef = 054B9FFF2B3A76AB00DC82A2 /* Router.swift */; };
		054BA0032B3A78B500DC82A2 /* ProfileView.swift in Sources */ = {isa = PBXBuildFile; fileRef = 054BA0022B3A78B500DC82A2 /* ProfileView.swift */; };
		054BA0092B3ADC0700DC82A2 /* RegisterRepository.swift in Sources */ = {isa = PBXBuildFile; fileRef = 054BA0082B3ADC0700DC82A2 /* RegisterRepository.swift */; };
		054BA00B2B3ADCA400DC82A2 /* RegisterUseCase.swift in Sources */ = {isa = PBXBuildFile; fileRef = 054BA00A2B3ADCA400DC82A2 /* RegisterUseCase.swift */; };
		054BA0142B3AE10F00DC82A2 /* RegisterRepositoryImpl.swift in Sources */ = {isa = PBXBuildFile; fileRef = 054BA0132B3AE10F00DC82A2 /* RegisterRepositoryImpl.swift */; };
		054BA01B2B3C0F5500DC82A2 /* RegisterRequestModel.swift in Sources */ = {isa = PBXBuildFile; fileRef = 054BA01A2B3C0F5500DC82A2 /* RegisterRequestModel.swift */; };
		054BA0202B3C123300DC82A2 /* LoginReponseModel.swift in Sources */ = {isa = PBXBuildFile; fileRef = 054BA01F2B3C123300DC82A2 /* LoginReponseModel.swift */; };
		054BA0232B3C217400DC82A2 /* EnvironmentValues.swift in Sources */ = {isa = PBXBuildFile; fileRef = 054BA0222B3C217400DC82A2 /* EnvironmentValues.swift */; };
/* End PBXBuildFile section */

/* Begin PBXFileReference section */
		0517F1B72AE7581000FD855A /* StudyFora.app */ = {isa = PBXFileReference; explicitFileType = wrapper.application; includeInIndex = 0; path = StudyFora.app; sourceTree = BUILT_PRODUCTS_DIR; };
		0517F1BA2AE7581000FD855A /* StudyForaApp.swift */ = {isa = PBXFileReference; lastKnownFileType = sourcecode.swift; path = StudyForaApp.swift; sourceTree = "<group>"; };
		0517F1BC2AE7581000FD855A /* ContentView.swift */ = {isa = PBXFileReference; lastKnownFileType = sourcecode.swift; path = ContentView.swift; sourceTree = "<group>"; };
		0517F1BE2AE7581100FD855A /* Assets.xcassets */ = {isa = PBXFileReference; lastKnownFileType = folder.assetcatalog; path = Assets.xcassets; sourceTree = "<group>"; };
		0517F1C12AE7581100FD855A /* Preview Assets.xcassets */ = {isa = PBXFileReference; lastKnownFileType = folder.assetcatalog; path = "Preview Assets.xcassets"; sourceTree = "<group>"; };
		0517F1C82AE758F600FD855A /* GoogleService-Info.plist */ = {isa = PBXFileReference; fileEncoding = 4; lastKnownFileType = text.plist.xml; path = "GoogleService-Info.plist"; sourceTree = "<group>"; };
		0517F2022AE7685400FD855A /* AppDelegate.swift */ = {isa = PBXFileReference; lastKnownFileType = sourcecode.swift; path = AppDelegate.swift; sourceTree = "<group>"; };
		05364DC22B3704A100B00A16 /* RegisterView.swift */ = {isa = PBXFileReference; lastKnownFileType = sourcecode.swift; path = RegisterView.swift; sourceTree = "<group>"; };
		05364DC52B3704B000B00A16 /* RegisterViewModel.swift */ = {isa = PBXFileReference; lastKnownFileType = sourcecode.swift; path = RegisterViewModel.swift; sourceTree = "<group>"; };
		05364DC82B37075600B00A16 /* StatesEnum.swift */ = {isa = PBXFileReference; lastKnownFileType = sourcecode.swift; path = StatesEnum.swift; sourceTree = "<group>"; };
		054B9FFF2B3A76AB00DC82A2 /* Router.swift */ = {isa = PBXFileReference; lastKnownFileType = sourcecode.swift; path = Router.swift; sourceTree = "<group>"; };
		054BA0022B3A78B500DC82A2 /* ProfileView.swift */ = {isa = PBXFileReference; lastKnownFileType = sourcecode.swift; path = ProfileView.swift; sourceTree = "<group>"; };
		054BA0082B3ADC0700DC82A2 /* RegisterRepository.swift */ = {isa = PBXFileReference; lastKnownFileType = sourcecode.swift; path = RegisterRepository.swift; sourceTree = "<group>"; };
		054BA00A2B3ADCA400DC82A2 /* RegisterUseCase.swift */ = {isa = PBXFileReference; lastKnownFileType = sourcecode.swift; path = RegisterUseCase.swift; sourceTree = "<group>"; };
		054BA0132B3AE10F00DC82A2 /* RegisterRepositoryImpl.swift */ = {isa = PBXFileReference; lastKnownFileType = sourcecode.swift; path = RegisterRepositoryImpl.swift; sourceTree = "<group>"; };
		054BA01A2B3C0F5500DC82A2 /* RegisterRequestModel.swift */ = {isa = PBXFileReference; lastKnownFileType = sourcecode.swift; path = RegisterRequestModel.swift; sourceTree = "<group>"; };
		054BA01F2B3C123300DC82A2 /* LoginReponseModel.swift */ = {isa = PBXFileReference; lastKnownFileType = sourcecode.swift; path = LoginReponseModel.swift; sourceTree = "<group>"; };
		054BA0222B3C217400DC82A2 /* EnvironmentValues.swift */ = {isa = PBXFileReference; lastKnownFileType = sourcecode.swift; path = EnvironmentValues.swift; sourceTree = "<group>"; };
/* End PBXFileReference section */

/* Begin PBXFrameworksBuildPhase section */
		0517F1B42AE7581000FD855A /* Frameworks */ = {
			isa = PBXFrameworksBuildPhase;
			buildActionMask = 2147483647;
			files = (
				0517F1DE2AE75DF700FD855A /* FirebaseDatabase in Frameworks */,
				0517F1EC2AE75DF700FD855A /* FirebaseFunctionsCombine-Community in Frameworks */,
				0517F1E42AE75DF700FD855A /* FirebaseFirestore in Frameworks */,
				0517F1D02AE75DF700FD855A /* FirebaseAnalyticsSwift in Frameworks */,
				0517F1CC2AE75DF700FD855A /* FirebaseAnalytics in Frameworks */,
				0517F1CE2AE75DF700FD855A /* FirebaseAnalyticsOnDeviceConversion in Frameworks */,
				0517F1F42AE75DF700FD855A /* FirebaseMLModelDownloader in Frameworks */,
				0517F1E82AE75DF700FD855A /* FirebaseFirestoreSwift in Frameworks */,
				0517F1D42AE75DF700FD855A /* FirebaseAppCheck in Frameworks */,
				0517F1D22AE75DF700FD855A /* FirebaseAnalyticsWithoutAdIdSupport in Frameworks */,
				0517F1D82AE75DF700FD855A /* FirebaseAuth in Frameworks */,
				0517F1DC2AE75DF700FD855A /* FirebaseCrashlytics in Frameworks */,
				0517F1FC2AE75DF700FD855A /* FirebaseRemoteConfigSwift in Frameworks */,
				0517F1EE2AE75DF700FD855A /* FirebaseInAppMessaging-Beta in Frameworks */,
				0517F1E02AE75DF700FD855A /* FirebaseDatabaseSwift in Frameworks */,
				0517F1EA2AE75DF700FD855A /* FirebaseFunctions in Frameworks */,
				0517F2002AE75DF700FD855A /* FirebaseStorageCombine-Community in Frameworks */,
				0517F1FA2AE75DF700FD855A /* FirebaseRemoteConfig in Frameworks */,
				0517F1D62AE75DF700FD855A /* FirebaseAppDistribution-Beta in Frameworks */,
				0517F1DA2AE75DF700FD855A /* FirebaseAuthCombine-Community in Frameworks */,
				0517F1F82AE75DF700FD855A /* FirebasePerformance in Frameworks */,
				0517F1F02AE75DF700FD855A /* FirebaseInAppMessagingSwift-Beta in Frameworks */,
				0517F1FE2AE75DF700FD855A /* FirebaseStorage in Frameworks */,
				0517F1E22AE75DF700FD855A /* FirebaseDynamicLinks in Frameworks */,
				0517F1E62AE75DF700FD855A /* FirebaseFirestoreCombine-Community in Frameworks */,
				0517F1F62AE75DF700FD855A /* FirebaseMessaging in Frameworks */,
				0517F1F22AE75DF700FD855A /* FirebaseInstallations in Frameworks */,
			);
			runOnlyForDeploymentPostprocessing = 0;
		};
/* End PBXFrameworksBuildPhase section */

/* Begin PBXGroup section */
		0517F1AE2AE7581000FD855A = {
			isa = PBXGroup;
			children = (
				0517F1B92AE7581000FD855A /* StudyFora */,
				0517F1C82AE758F600FD855A /* GoogleService-Info.plist */,
				0517F1B82AE7581000FD855A /* Products */,
			);
			sourceTree = "<group>";
		};
		0517F1B82AE7581000FD855A /* Products */ = {
			isa = PBXGroup;
			children = (
				0517F1B72AE7581000FD855A /* StudyFora.app */,
			);
			name = Products;
			sourceTree = "<group>";
		};
		0517F1B92AE7581000FD855A /* StudyFora */ = {
			isa = PBXGroup;
			children = (
				05364DBE2B37040E00B00A16 /* Components */,
				05364DBC2B36CFFB00B00A16 /* Core */,
				05364DB22B36A63600B00A16 /* Features */,
				05364DBD2B36D00600B00A16 /* Utils */,
				0517F2022AE7685400FD855A /* AppDelegate.swift */,
				0517F1BA2AE7581000FD855A /* StudyForaApp.swift */,
				0517F1BC2AE7581000FD855A /* ContentView.swift */,
				0517F1BE2AE7581100FD855A /* Assets.xcassets */,
				0517F1C02AE7581100FD855A /* Preview Content */,
			);
			path = StudyFora;
			sourceTree = "<group>";
		};
		0517F1C02AE7581100FD855A /* Preview Content */ = {
			isa = PBXGroup;
			children = (
				0517F1C12AE7581100FD855A /* Preview Assets.xcassets */,
			);
			path = "Preview Content";
			sourceTree = "<group>";
		};
		05364DB22B36A63600B00A16 /* Features */ = {
			isa = PBXGroup;
			children = (
				054BA01C2B3C120400DC82A2 /* Login */,
				05364DBF2B37046A00B00A16 /* Register */,
				05364DB32B36A6A700B00A16 /* Profile */,
			);
			path = Features;
			sourceTree = "<group>";
		};
		05364DB32B36A6A700B00A16 /* Profile */ = {
			isa = PBXGroup;
			children = (
				05364DB52B36A6C500B00A16 /* Domain */,
				05364DB62B36A6CB00B00A16 /* Presentation */,
				05364DB42B36A6C000B00A16 /* Data */,
			);
			path = Profile;
			sourceTree = "<group>";
		};
		05364DB42B36A6C000B00A16 /* Data */ = {
			isa = PBXGroup;
			children = (
				05364DB92B36CD9B00B00A16 /* RepositoryImpl */,
				05364DB72B36CD8400B00A16 /* DataSource */,
			);
			path = Data;
			sourceTree = "<group>";
		};
		05364DB52B36A6C500B00A16 /* Domain */ = {
			isa = PBXGroup;
			children = (
				05364DBB2B36CFBD00B00A16 /* Repository */,
				05364DBA2B36CFB900B00A16 /* UseCase */,
				05364DB82B36CD9700B00A16 /* Model */,
			);
			path = Domain;
			sourceTree = "<group>";
		};
		05364DB62B36A6CB00B00A16 /* Presentation */ = {
			isa = PBXGroup;
			children = (
				054BA0012B3A78AA00DC82A2 /* View */,
			);
			path = Presentation;
			sourceTree = "<group>";
		};
		05364DB72B36CD8400B00A16 /* DataSource */ = {
			isa = PBXGroup;
			children = (
			);
			path = DataSource;
			sourceTree = "<group>";
		};
		05364DB82B36CD9700B00A16 /* Model */ = {
			isa = PBXGroup;
			children = (
			);
			path = Model;
			sourceTree = "<group>";
		};
		05364DB92B36CD9B00B00A16 /* RepositoryImpl */ = {
			isa = PBXGroup;
			children = (
			);
			path = RepositoryImpl;
			sourceTree = "<group>";
		};
		05364DBA2B36CFB900B00A16 /* UseCase */ = {
			isa = PBXGroup;
			children = (
			);
			path = UseCase;
			sourceTree = "<group>";
		};
		05364DBB2B36CFBD00B00A16 /* Repository */ = {
			isa = PBXGroup;
			children = (
			);
			path = Repository;
			sourceTree = "<group>";
		};
		05364DBC2B36CFFB00B00A16 /* Core */ = {
			isa = PBXGroup;
			children = (
				054BA0212B3C20AD00DC82A2 /* Extension */,
				054B9FFE2B3A76A000DC82A2 /* Router */,
				05364DC72B37074B00B00A16 /* Enum */,
			);
			path = Core;
			sourceTree = "<group>";
		};
		05364DBD2B36D00600B00A16 /* Utils */ = {
			isa = PBXGroup;
			children = (
			);
			path = Utils;
			sourceTree = "<group>";
		};
		05364DBE2B37040E00B00A16 /* Components */ = {
			isa = PBXGroup;
			children = (
			);
			path = Components;
			sourceTree = "<group>";
		};
		05364DBF2B37046A00B00A16 /* Register */ = {
			isa = PBXGroup;
			children = (
				054BA0112B3AE0F200DC82A2 /* Data */,
				054BA0052B3ADBCE00DC82A2 /* Domain */,
				05364DC02B37047400B00A16 /* Presentation */,
			);
			path = Register;
			sourceTree = "<group>";
		};
		05364DC02B37047400B00A16 /* Presentation */ = {
			isa = PBXGroup;
			children = (
				05364DC42B3704A700B00A16 /* ViewModel */,
				05364DC12B37048E00B00A16 /* View */,
			);
			path = Presentation;
			sourceTree = "<group>";
		};
		05364DC12B37048E00B00A16 /* View */ = {
			isa = PBXGroup;
			children = (
				05364DC22B3704A100B00A16 /* RegisterView.swift */,
			);
			path = View;
			sourceTree = "<group>";
		};
		05364DC42B3704A700B00A16 /* ViewModel */ = {
			isa = PBXGroup;
			children = (
				05364DC52B3704B000B00A16 /* RegisterViewModel.swift */,
			);
			path = ViewModel;
			sourceTree = "<group>";
		};
		05364DC72B37074B00B00A16 /* Enum */ = {
			isa = PBXGroup;
			children = (
				05364DC82B37075600B00A16 /* StatesEnum.swift */,
			);
			path = Enum;
			sourceTree = "<group>";
		};
		054B9FFE2B3A76A000DC82A2 /* Router */ = {
			isa = PBXGroup;
			children = (
				054B9FFF2B3A76AB00DC82A2 /* Router.swift */,
			);
			path = Router;
			sourceTree = "<group>";
		};
		054BA0012B3A78AA00DC82A2 /* View */ = {
			isa = PBXGroup;
			children = (
				054BA0022B3A78B500DC82A2 /* ProfileView.swift */,
			);
			path = View;
			sourceTree = "<group>";
		};
		054BA0052B3ADBCE00DC82A2 /* Domain */ = {
			isa = PBXGroup;
			children = (
				054BA0072B3ADBF700DC82A2 /* Repository */,
				054BA0062B3ADBDA00DC82A2 /* UseCase */,
				054BA00E2B3ADF4500DC82A2 /* Model */,
			);
			path = Domain;
			sourceTree = "<group>";
		};
		054BA0062B3ADBDA00DC82A2 /* UseCase */ = {
			isa = PBXGroup;
			children = (
				054BA00A2B3ADCA400DC82A2 /* RegisterUseCase.swift */,
			);
			path = UseCase;
			sourceTree = "<group>";
		};
		054BA0072B3ADBF700DC82A2 /* Repository */ = {
			isa = PBXGroup;
			children = (
				054BA0082B3ADC0700DC82A2 /* RegisterRepository.swift */,
			);
			path = Repository;
			sourceTree = "<group>";
		};
		054BA00E2B3ADF4500DC82A2 /* Model */ = {
			isa = PBXGroup;
			children = (
				054BA01A2B3C0F5500DC82A2 /* RegisterRequestModel.swift */,
			);
			path = Model;
			sourceTree = "<group>";
		};
		054BA0112B3AE0F200DC82A2 /* Data */ = {
			isa = PBXGroup;
			children = (
				054BA0122B3AE0F800DC82A2 /* RepositoryImpl */,
			);
			path = Data;
			sourceTree = "<group>";
		};
		054BA0122B3AE0F800DC82A2 /* RepositoryImpl */ = {
			isa = PBXGroup;
			children = (
				054BA0132B3AE10F00DC82A2 /* RegisterRepositoryImpl.swift */,
			);
			path = RepositoryImpl;
			sourceTree = "<group>";
		};
		054BA01C2B3C120400DC82A2 /* Login */ = {
			isa = PBXGroup;
			children = (
				054BA01D2B3C122200DC82A2 /* Domain */,
			);
			path = Login;
			sourceTree = "<group>";
		};
		054BA01D2B3C122200DC82A2 /* Domain */ = {
			isa = PBXGroup;
			children = (
				054BA01E2B3C122800DC82A2 /* Model */,
			);
			path = Domain;
			sourceTree = "<group>";
		};
		054BA01E2B3C122800DC82A2 /* Model */ = {
			isa = PBXGroup;
			children = (
				054BA01F2B3C123300DC82A2 /* LoginReponseModel.swift */,
			);
			path = Model;
			sourceTree = "<group>";
		};
		054BA0212B3C20AD00DC82A2 /* Extension */ = {
			isa = PBXGroup;
			children = (
				054BA0222B3C217400DC82A2 /* EnvironmentValues.swift */,
			);
			path = Extension;
			sourceTree = "<group>";
		};
/* End PBXGroup section */

/* Begin PBXNativeTarget section */
		0517F1B62AE7581000FD855A /* StudyFora */ = {
			isa = PBXNativeTarget;
			buildConfigurationList = 0517F1C52AE7581100FD855A /* Build configuration list for PBXNativeTarget "StudyFora" */;
			buildPhases = (
				0517F1B32AE7581000FD855A /* Sources */,
				0517F1B42AE7581000FD855A /* Frameworks */,
				0517F1B52AE7581000FD855A /* Resources */,
				054BA0042B3AB45D00DC82A2 /* ShellScript */,
			);
			buildRules = (
			);
			dependencies = (
			);
			name = StudyFora;
			packageProductDependencies = (
				0517F1CB2AE75DF700FD855A /* FirebaseAnalytics */,
				0517F1CD2AE75DF700FD855A /* FirebaseAnalyticsOnDeviceConversion */,
				0517F1CF2AE75DF700FD855A /* FirebaseAnalyticsSwift */,
				0517F1D12AE75DF700FD855A /* FirebaseAnalyticsWithoutAdIdSupport */,
				0517F1D32AE75DF700FD855A /* FirebaseAppCheck */,
				0517F1D52AE75DF700FD855A /* FirebaseAppDistribution-Beta */,
				0517F1D72AE75DF700FD855A /* FirebaseAuth */,
				0517F1D92AE75DF700FD855A /* FirebaseAuthCombine-Community */,
				0517F1DB2AE75DF700FD855A /* FirebaseCrashlytics */,
				0517F1DD2AE75DF700FD855A /* FirebaseDatabase */,
				0517F1DF2AE75DF700FD855A /* FirebaseDatabaseSwift */,
				0517F1E12AE75DF700FD855A /* FirebaseDynamicLinks */,
				0517F1E32AE75DF700FD855A /* FirebaseFirestore */,
				0517F1E52AE75DF700FD855A /* FirebaseFirestoreCombine-Community */,
				0517F1E72AE75DF700FD855A /* FirebaseFirestoreSwift */,
				0517F1E92AE75DF700FD855A /* FirebaseFunctions */,
				0517F1EB2AE75DF700FD855A /* FirebaseFunctionsCombine-Community */,
				0517F1ED2AE75DF700FD855A /* FirebaseInAppMessaging-Beta */,
				0517F1EF2AE75DF700FD855A /* FirebaseInAppMessagingSwift-Beta */,
				0517F1F12AE75DF700FD855A /* FirebaseInstallations */,
				0517F1F32AE75DF700FD855A /* FirebaseMLModelDownloader */,
				0517F1F52AE75DF700FD855A /* FirebaseMessaging */,
				0517F1F72AE75DF700FD855A /* FirebasePerformance */,
				0517F1F92AE75DF700FD855A /* FirebaseRemoteConfig */,
				0517F1FB2AE75DF700FD855A /* FirebaseRemoteConfigSwift */,
				0517F1FD2AE75DF700FD855A /* FirebaseStorage */,
				0517F1FF2AE75DF700FD855A /* FirebaseStorageCombine-Community */,
			);
			productName = StudyFora;
			productReference = 0517F1B72AE7581000FD855A /* StudyFora.app */;
			productType = "com.apple.product-type.application";
		};
/* End PBXNativeTarget section */

/* Begin PBXProject section */
		0517F1AF2AE7581000FD855A /* Project object */ = {
			isa = PBXProject;
			attributes = {
				BuildIndependentTargetsInParallel = 1;
				LastSwiftUpdateCheck = 1500;
				LastUpgradeCheck = 1500;
				TargetAttributes = {
					0517F1B62AE7581000FD855A = {
						CreatedOnToolsVersion = 15.0.1;
					};
				};
			};
			buildConfigurationList = 0517F1B22AE7581000FD855A /* Build configuration list for PBXProject "StudyFora" */;
			compatibilityVersion = "Xcode 14.0";
			developmentRegion = en;
			hasScannedForEncodings = 0;
			knownRegions = (
				en,
				Base,
			);
			mainGroup = 0517F1AE2AE7581000FD855A;
			packageReferences = (
				0517F1CA2AE75DF700FD855A /* XCRemoteSwiftPackageReference "firebase-ios-sdk" */,
			);
			productRefGroup = 0517F1B82AE7581000FD855A /* Products */;
			projectDirPath = "";
			projectRoot = "";
			targets = (
				0517F1B62AE7581000FD855A /* StudyFora */,
			);
		};
/* End PBXProject section */

/* Begin PBXResourcesBuildPhase section */
		0517F1B52AE7581000FD855A /* Resources */ = {
			isa = PBXResourcesBuildPhase;
			buildActionMask = 2147483647;
			files = (
				0517F1C22AE7581100FD855A /* Preview Assets.xcassets in Resources */,
				0517F1BF2AE7581100FD855A /* Assets.xcassets in Resources */,
				0517F1C92AE758F600FD855A /* GoogleService-Info.plist in Resources */,
			);
			runOnlyForDeploymentPostprocessing = 0;
		};
/* End PBXResourcesBuildPhase section */

/* Begin PBXShellScriptBuildPhase section */
		054BA0042B3AB45D00DC82A2 /* ShellScript */ = {
			isa = PBXShellScriptBuildPhase;
			alwaysOutOfDate = 1;
			buildActionMask = 2147483647;
			files = (
			);
			inputFileListPaths = (
			);
			inputPaths = (
				"${DWARF_DSYM_FOLDER_PATH}/${DWARF_DSYM_FILE_NAME}",
				"${DWARF_DSYM_FOLDER_PATH}/${DWARF_DSYM_FILE_NAME}/Contents/Resources/DWARF/${PRODUCT_NAME}",
				"${DWARF_DSYM_FOLDER_PATH}/${DWARF_DSYM_FILE_NAME}/Contents/Info.plist",
				"$(TARGET_BUILD_DIR)/$(UNLOCALIZED_RESOURCES_FOLDER_PATH)/GoogleService-Info.plist",
				"$(TARGET_BUILD_DIR)/$(EXECUTABLE_PATH)",
			);
			outputFileListPaths = (
			);
			outputPaths = (
			);
			runOnlyForDeploymentPostprocessing = 0;
			shellPath = /bin/sh;
			shellScript = "
";
		};
/* End PBXShellScriptBuildPhase section */

/* Begin PBXSourcesBuildPhase section */
		0517F1B32AE7581000FD855A /* Sources */ = {
			isa = PBXSourcesBuildPhase;
			buildActionMask = 2147483647;
			files = (
				054BA0032B3A78B500DC82A2 /* ProfileView.swift in Sources */,
				054BA0142B3AE10F00DC82A2 /* RegisterRepositoryImpl.swift in Sources */,
				0517F2032AE7685400FD855A /* AppDelegate.swift in Sources */,
				0517F1BD2AE7581000FD855A /* ContentView.swift in Sources */,
				05364DC32B3704A100B00A16 /* RegisterView.swift in Sources */,
				054BA0002B3A76AB00DC82A2 /* Router.swift in Sources */,
				05364DC62B3704B000B00A16 /* RegisterViewModel.swift in Sources */,
				054BA0092B3ADC0700DC82A2 /* RegisterRepository.swift in Sources */,
				05364DC92B37075600B00A16 /* StatesEnum.swift in Sources */,
				054BA0232B3C217400DC82A2 /* EnvironmentValues.swift in Sources */,
				054BA00B2B3ADCA400DC82A2 /* RegisterUseCase.swift in Sources */,
				054BA01B2B3C0F5500DC82A2 /* RegisterRequestModel.swift in Sources */,
				0517F1BB2AE7581000FD855A /* StudyForaApp.swift in Sources */,
				054BA0202B3C123300DC82A2 /* LoginReponseModel.swift in Sources */,
			);
			runOnlyForDeploymentPostprocessing = 0;
		};
/* End PBXSourcesBuildPhase section */

/* Begin XCBuildConfiguration section */
		0517F1C32AE7581100FD855A /* Debug */ = {
			isa = XCBuildConfiguration;
			buildSettings = {
				ALWAYS_SEARCH_USER_PATHS = NO;
				ASSETCATALOG_COMPILER_GENERATE_SWIFT_ASSET_SYMBOL_EXTENSIONS = YES;
				CLANG_ANALYZER_NONNULL = YES;
				CLANG_ANALYZER_NUMBER_OBJECT_CONVERSION = YES_AGGRESSIVE;
				CLANG_CXX_LANGUAGE_STANDARD = "gnu++20";
				CLANG_ENABLE_MODULES = YES;
				CLANG_ENABLE_OBJC_ARC = YES;
				CLANG_ENABLE_OBJC_WEAK = YES;
				CLANG_WARN_BLOCK_CAPTURE_AUTORELEASING = YES;
				CLANG_WARN_BOOL_CONVERSION = YES;
				CLANG_WARN_COMMA = YES;
				CLANG_WARN_CONSTANT_CONVERSION = YES;
				CLANG_WARN_DEPRECATED_OBJC_IMPLEMENTATIONS = YES;
				CLANG_WARN_DIRECT_OBJC_ISA_USAGE = YES_ERROR;
				CLANG_WARN_DOCUMENTATION_COMMENTS = YES;
				CLANG_WARN_EMPTY_BODY = YES;
				CLANG_WARN_ENUM_CONVERSION = YES;
				CLANG_WARN_INFINITE_RECURSION = YES;
				CLANG_WARN_INT_CONVERSION = YES;
				CLANG_WARN_NON_LITERAL_NULL_CONVERSION = YES;
				CLANG_WARN_OBJC_IMPLICIT_RETAIN_SELF = YES;
				CLANG_WARN_OBJC_LITERAL_CONVERSION = YES;
				CLANG_WARN_OBJC_ROOT_CLASS = YES_ERROR;
				CLANG_WARN_QUOTED_INCLUDE_IN_FRAMEWORK_HEADER = YES;
				CLANG_WARN_RANGE_LOOP_ANALYSIS = YES;
				CLANG_WARN_STRICT_PROTOTYPES = YES;
				CLANG_WARN_SUSPICIOUS_MOVE = YES;
				CLANG_WARN_UNGUARDED_AVAILABILITY = YES_AGGRESSIVE;
				CLANG_WARN_UNREACHABLE_CODE = YES;
				CLANG_WARN__DUPLICATE_METHOD_MATCH = YES;
				COPY_PHASE_STRIP = NO;
				DEBUG_INFORMATION_FORMAT = dwarf;
				ENABLE_STRICT_OBJC_MSGSEND = YES;
				ENABLE_TESTABILITY = YES;
				ENABLE_USER_SCRIPT_SANDBOXING = YES;
				GCC_C_LANGUAGE_STANDARD = gnu17;
				GCC_DYNAMIC_NO_PIC = NO;
				GCC_NO_COMMON_BLOCKS = YES;
				GCC_OPTIMIZATION_LEVEL = 0;
				GCC_PREPROCESSOR_DEFINITIONS = (
					"DEBUG=1",
					"$(inherited)",
				);
				GCC_WARN_64_TO_32_BIT_CONVERSION = YES;
				GCC_WARN_ABOUT_RETURN_TYPE = YES_ERROR;
				GCC_WARN_UNDECLARED_SELECTOR = YES;
				GCC_WARN_UNINITIALIZED_AUTOS = YES_AGGRESSIVE;
				GCC_WARN_UNUSED_FUNCTION = YES;
				GCC_WARN_UNUSED_VARIABLE = YES;
				IPHONEOS_DEPLOYMENT_TARGET = 17.0;
				LOCALIZATION_PREFERS_STRING_CATALOGS = YES;
				MTL_ENABLE_DEBUG_INFO = INCLUDE_SOURCE;
				MTL_FAST_MATH = YES;
				ONLY_ACTIVE_ARCH = YES;
				SDKROOT = iphoneos;
				SWIFT_ACTIVE_COMPILATION_CONDITIONS = "DEBUG $(inherited)";
				SWIFT_OPTIMIZATION_LEVEL = "-Onone";
			};
			name = Debug;
		};
		0517F1C42AE7581100FD855A /* Release */ = {
			isa = XCBuildConfiguration;
			buildSettings = {
				ALWAYS_SEARCH_USER_PATHS = NO;
				ASSETCATALOG_COMPILER_GENERATE_SWIFT_ASSET_SYMBOL_EXTENSIONS = YES;
				CLANG_ANALYZER_NONNULL = YES;
				CLANG_ANALYZER_NUMBER_OBJECT_CONVERSION = YES_AGGRESSIVE;
				CLANG_CXX_LANGUAGE_STANDARD = "gnu++20";
				CLANG_ENABLE_MODULES = YES;
				CLANG_ENABLE_OBJC_ARC = YES;
				CLANG_ENABLE_OBJC_WEAK = YES;
				CLANG_WARN_BLOCK_CAPTURE_AUTORELEASING = YES;
				CLANG_WARN_BOOL_CONVERSION = YES;
				CLANG_WARN_COMMA = YES;
				CLANG_WARN_CONSTANT_CONVERSION = YES;
				CLANG_WARN_DEPRECATED_OBJC_IMPLEMENTATIONS = YES;
				CLANG_WARN_DIRECT_OBJC_ISA_USAGE = YES_ERROR;
				CLANG_WARN_DOCUMENTATION_COMMENTS = YES;
				CLANG_WARN_EMPTY_BODY = YES;
				CLANG_WARN_ENUM_CONVERSION = YES;
				CLANG_WARN_INFINITE_RECURSION = YES;
				CLANG_WARN_INT_CONVERSION = YES;
				CLANG_WARN_NON_LITERAL_NULL_CONVERSION = YES;
				CLANG_WARN_OBJC_IMPLICIT_RETAIN_SELF = YES;
				CLANG_WARN_OBJC_LITERAL_CONVERSION = YES;
				CLANG_WARN_OBJC_ROOT_CLASS = YES_ERROR;
				CLANG_WARN_QUOTED_INCLUDE_IN_FRAMEWORK_HEADER = YES;
				CLANG_WARN_RANGE_LOOP_ANALYSIS = YES;
				CLANG_WARN_STRICT_PROTOTYPES = YES;
				CLANG_WARN_SUSPICIOUS_MOVE = YES;
				CLANG_WARN_UNGUARDED_AVAILABILITY = YES_AGGRESSIVE;
				CLANG_WARN_UNREACHABLE_CODE = YES;
				CLANG_WARN__DUPLICATE_METHOD_MATCH = YES;
				COPY_PHASE_STRIP = NO;
				DEBUG_INFORMATION_FORMAT = "dwarf-with-dsym";
				ENABLE_NS_ASSERTIONS = NO;
				ENABLE_STRICT_OBJC_MSGSEND = YES;
				ENABLE_USER_SCRIPT_SANDBOXING = YES;
				GCC_C_LANGUAGE_STANDARD = gnu17;
				GCC_NO_COMMON_BLOCKS = YES;
				GCC_WARN_64_TO_32_BIT_CONVERSION = YES;
				GCC_WARN_ABOUT_RETURN_TYPE = YES_ERROR;
				GCC_WARN_UNDECLARED_SELECTOR = YES;
				GCC_WARN_UNINITIALIZED_AUTOS = YES_AGGRESSIVE;
				GCC_WARN_UNUSED_FUNCTION = YES;
				GCC_WARN_UNUSED_VARIABLE = YES;
				IPHONEOS_DEPLOYMENT_TARGET = 17.0;
				LOCALIZATION_PREFERS_STRING_CATALOGS = YES;
				MTL_ENABLE_DEBUG_INFO = NO;
				MTL_FAST_MATH = YES;
				SDKROOT = iphoneos;
				SWIFT_COMPILATION_MODE = wholemodule;
				VALIDATE_PRODUCT = YES;
			};
			name = Release;
		};
		0517F1C62AE7581100FD855A /* Debug */ = {
			isa = XCBuildConfiguration;
			buildSettings = {
				ASSETCATALOG_COMPILER_APPICON_NAME = AppIcon;
				ASSETCATALOG_COMPILER_GLOBAL_ACCENT_COLOR_NAME = AccentColor;
				CODE_SIGN_STYLE = Automatic;
				CURRENT_PROJECT_VERSION = 1;
				DEBUG_INFORMATION_FORMAT = "dwarf-with-dsym";
				DEVELOPMENT_ASSET_PATHS = "\"StudyFora/Preview Content\"";
				DEVELOPMENT_TEAM = BJAYFXKN5Y;
				ENABLE_PREVIEWS = YES;
				GENERATE_INFOPLIST_FILE = YES;
				INFOPLIST_KEY_UIApplicationSceneManifest_Generation = YES;
				INFOPLIST_KEY_UIApplicationSupportsIndirectInputEvents = YES;
				INFOPLIST_KEY_UILaunchScreen_Generation = YES;
				INFOPLIST_KEY_UISupportedInterfaceOrientations_iPad = "UIInterfaceOrientationPortrait UIInterfaceOrientationPortraitUpsideDown UIInterfaceOrientationLandscapeLeft UIInterfaceOrientationLandscapeRight";
				INFOPLIST_KEY_UISupportedInterfaceOrientations_iPhone = "UIInterfaceOrientationPortrait UIInterfaceOrientationLandscapeLeft UIInterfaceOrientationLandscapeRight";
				IPHONEOS_DEPLOYMENT_TARGET = 16.6;
				LD_RUNPATH_SEARCH_PATHS = (
					"$(inherited)",
					"@executable_path/Frameworks",
				);
				MARKETING_VERSION = 1.0;
				PRODUCT_BUNDLE_IDENTIFIER = com.carissafarry.StudyFora;
				PRODUCT_NAME = "$(TARGET_NAME)";
				SUPPORTED_PLATFORMS = "iphoneos iphonesimulator";
				SUPPORTS_MACCATALYST = NO;
				SWIFT_EMIT_LOC_STRINGS = YES;
				SWIFT_VERSION = 5.0;
				TARGETED_DEVICE_FAMILY = 1;
			};
			name = Debug;
		};
		0517F1C72AE7581100FD855A /* Release */ = {
			isa = XCBuildConfiguration;
			buildSettings = {
				ASSETCATALOG_COMPILER_APPICON_NAME = AppIcon;
				ASSETCATALOG_COMPILER_GLOBAL_ACCENT_COLOR_NAME = AccentColor;
				CODE_SIGN_STYLE = Automatic;
				CURRENT_PROJECT_VERSION = 1;
				DEVELOPMENT_ASSET_PATHS = "\"StudyFora/Preview Content\"";
				DEVELOPMENT_TEAM = BJAYFXKN5Y;
				ENABLE_PREVIEWS = YES;
				GENERATE_INFOPLIST_FILE = YES;
				INFOPLIST_KEY_UIApplicationSceneManifest_Generation = YES;
				INFOPLIST_KEY_UIApplicationSupportsIndirectInputEvents = YES;
				INFOPLIST_KEY_UILaunchScreen_Generation = YES;
				INFOPLIST_KEY_UISupportedInterfaceOrientations_iPad = "UIInterfaceOrientationPortrait UIInterfaceOrientationPortraitUpsideDown UIInterfaceOrientationLandscapeLeft UIInterfaceOrientationLandscapeRight";
				INFOPLIST_KEY_UISupportedInterfaceOrientations_iPhone = "UIInterfaceOrientationPortrait UIInterfaceOrientationLandscapeLeft UIInterfaceOrientationLandscapeRight";
				IPHONEOS_DEPLOYMENT_TARGET = 16.6;
				LD_RUNPATH_SEARCH_PATHS = (
					"$(inherited)",
					"@executable_path/Frameworks",
				);
				MARKETING_VERSION = 1.0;
				PRODUCT_BUNDLE_IDENTIFIER = com.carissafarry.StudyFora;
				PRODUCT_NAME = "$(TARGET_NAME)";
				SUPPORTED_PLATFORMS = "iphoneos iphonesimulator";
				SUPPORTS_MACCATALYST = NO;
				SWIFT_EMIT_LOC_STRINGS = YES;
				SWIFT_VERSION = 5.0;
				TARGETED_DEVICE_FAMILY = 1;
			};
			name = Release;
		};
/* End XCBuildConfiguration section */

/* Begin XCConfigurationList section */
		0517F1B22AE7581000FD855A /* Build configuration list for PBXProject "StudyFora" */ = {
			isa = XCConfigurationList;
			buildConfigurations = (
				0517F1C32AE7581100FD855A /* Debug */,
				0517F1C42AE7581100FD855A /* Release */,
			);
			defaultConfigurationIsVisible = 0;
			defaultConfigurationName = Release;
		};
		0517F1C52AE7581100FD855A /* Build configuration list for PBXNativeTarget "StudyFora" */ = {
			isa = XCConfigurationList;
			buildConfigurations = (
				0517F1C62AE7581100FD855A /* Debug */,
				0517F1C72AE7581100FD855A /* Release */,
			);
			defaultConfigurationIsVisible = 0;
			defaultConfigurationName = Release;
		};
/* End XCConfigurationList section */

/* Begin XCRemoteSwiftPackageReference section */
		0517F1CA2AE75DF700FD855A /* XCRemoteSwiftPackageReference "firebase-ios-sdk" */ = {
			isa = XCRemoteSwiftPackageReference;
			repositoryURL = "https://github.com/firebase/firebase-ios-sdk";
			requirement = {
				kind = upToNextMajorVersion;
				minimumVersion = 10.16.0;
			};
		};
/* End XCRemoteSwiftPackageReference section */

/* Begin XCSwiftPackageProductDependency section */
		0517F1CB2AE75DF700FD855A /* FirebaseAnalytics */ = {
			isa = XCSwiftPackageProductDependency;
			package = 0517F1CA2AE75DF700FD855A /* XCRemoteSwiftPackageReference "firebase-ios-sdk" */;
			productName = FirebaseAnalytics;
		};
		0517F1CD2AE75DF700FD855A /* FirebaseAnalyticsOnDeviceConversion */ = {
			isa = XCSwiftPackageProductDependency;
			package = 0517F1CA2AE75DF700FD855A /* XCRemoteSwiftPackageReference "firebase-ios-sdk" */;
			productName = FirebaseAnalyticsOnDeviceConversion;
		};
		0517F1CF2AE75DF700FD855A /* FirebaseAnalyticsSwift */ = {
			isa = XCSwiftPackageProductDependency;
			package = 0517F1CA2AE75DF700FD855A /* XCRemoteSwiftPackageReference "firebase-ios-sdk" */;
			productName = FirebaseAnalyticsSwift;
		};
		0517F1D12AE75DF700FD855A /* FirebaseAnalyticsWithoutAdIdSupport */ = {
			isa = XCSwiftPackageProductDependency;
			package = 0517F1CA2AE75DF700FD855A /* XCRemoteSwiftPackageReference "firebase-ios-sdk" */;
			productName = FirebaseAnalyticsWithoutAdIdSupport;
		};
		0517F1D32AE75DF700FD855A /* FirebaseAppCheck */ = {
			isa = XCSwiftPackageProductDependency;
			package = 0517F1CA2AE75DF700FD855A /* XCRemoteSwiftPackageReference "firebase-ios-sdk" */;
			productName = FirebaseAppCheck;
		};
		0517F1D52AE75DF700FD855A /* FirebaseAppDistribution-Beta */ = {
			isa = XCSwiftPackageProductDependency;
			package = 0517F1CA2AE75DF700FD855A /* XCRemoteSwiftPackageReference "firebase-ios-sdk" */;
			productName = "FirebaseAppDistribution-Beta";
		};
		0517F1D72AE75DF700FD855A /* FirebaseAuth */ = {
			isa = XCSwiftPackageProductDependency;
			package = 0517F1CA2AE75DF700FD855A /* XCRemoteSwiftPackageReference "firebase-ios-sdk" */;
			productName = FirebaseAuth;
		};
		0517F1D92AE75DF700FD855A /* FirebaseAuthCombine-Community */ = {
			isa = XCSwiftPackageProductDependency;
			package = 0517F1CA2AE75DF700FD855A /* XCRemoteSwiftPackageReference "firebase-ios-sdk" */;
			productName = "FirebaseAuthCombine-Community";
		};
		0517F1DB2AE75DF700FD855A /* FirebaseCrashlytics */ = {
			isa = XCSwiftPackageProductDependency;
			package = 0517F1CA2AE75DF700FD855A /* XCRemoteSwiftPackageReference "firebase-ios-sdk" */;
			productName = FirebaseCrashlytics;
		};
		0517F1DD2AE75DF700FD855A /* FirebaseDatabase */ = {
			isa = XCSwiftPackageProductDependency;
			package = 0517F1CA2AE75DF700FD855A /* XCRemoteSwiftPackageReference "firebase-ios-sdk" */;
			productName = FirebaseDatabase;
		};
		0517F1DF2AE75DF700FD855A /* FirebaseDatabaseSwift */ = {
			isa = XCSwiftPackageProductDependency;
			package = 0517F1CA2AE75DF700FD855A /* XCRemoteSwiftPackageReference "firebase-ios-sdk" */;
			productName = FirebaseDatabaseSwift;
		};
		0517F1E12AE75DF700FD855A /* FirebaseDynamicLinks */ = {
			isa = XCSwiftPackageProductDependency;
			package = 0517F1CA2AE75DF700FD855A /* XCRemoteSwiftPackageReference "firebase-ios-sdk" */;
			productName = FirebaseDynamicLinks;
		};
		0517F1E32AE75DF700FD855A /* FirebaseFirestore */ = {
			isa = XCSwiftPackageProductDependency;
			package = 0517F1CA2AE75DF700FD855A /* XCRemoteSwiftPackageReference "firebase-ios-sdk" */;
			productName = FirebaseFirestore;
		};
		0517F1E52AE75DF700FD855A /* FirebaseFirestoreCombine-Community */ = {
			isa = XCSwiftPackageProductDependency;
			package = 0517F1CA2AE75DF700FD855A /* XCRemoteSwiftPackageReference "firebase-ios-sdk" */;
			productName = "FirebaseFirestoreCombine-Community";
		};
		0517F1E72AE75DF700FD855A /* FirebaseFirestoreSwift */ = {
			isa = XCSwiftPackageProductDependency;
			package = 0517F1CA2AE75DF700FD855A /* XCRemoteSwiftPackageReference "firebase-ios-sdk" */;
			productName = FirebaseFirestoreSwift;
		};
		0517F1E92AE75DF700FD855A /* FirebaseFunctions */ = {
			isa = XCSwiftPackageProductDependency;
			package = 0517F1CA2AE75DF700FD855A /* XCRemoteSwiftPackageReference "firebase-ios-sdk" */;
			productName = FirebaseFunctions;
		};
		0517F1EB2AE75DF700FD855A /* FirebaseFunctionsCombine-Community */ = {
			isa = XCSwiftPackageProductDependency;
			package = 0517F1CA2AE75DF700FD855A /* XCRemoteSwiftPackageReference "firebase-ios-sdk" */;
			productName = "FirebaseFunctionsCombine-Community";
		};
		0517F1ED2AE75DF700FD855A /* FirebaseInAppMessaging-Beta */ = {
			isa = XCSwiftPackageProductDependency;
			package = 0517F1CA2AE75DF700FD855A /* XCRemoteSwiftPackageReference "firebase-ios-sdk" */;
			productName = "FirebaseInAppMessaging-Beta";
		};
		0517F1EF2AE75DF700FD855A /* FirebaseInAppMessagingSwift-Beta */ = {
			isa = XCSwiftPackageProductDependency;
			package = 0517F1CA2AE75DF700FD855A /* XCRemoteSwiftPackageReference "firebase-ios-sdk" */;
			productName = "FirebaseInAppMessagingSwift-Beta";
		};
		0517F1F12AE75DF700FD855A /* FirebaseInstallations */ = {
			isa = XCSwiftPackageProductDependency;
			package = 0517F1CA2AE75DF700FD855A /* XCRemoteSwiftPackageReference "firebase-ios-sdk" */;
			productName = FirebaseInstallations;
		};
		0517F1F32AE75DF700FD855A /* FirebaseMLModelDownloader */ = {
			isa = XCSwiftPackageProductDependency;
			package = 0517F1CA2AE75DF700FD855A /* XCRemoteSwiftPackageReference "firebase-ios-sdk" */;
			productName = FirebaseMLModelDownloader;
		};
		0517F1F52AE75DF700FD855A /* FirebaseMessaging */ = {
			isa = XCSwiftPackageProductDependency;
			package = 0517F1CA2AE75DF700FD855A /* XCRemoteSwiftPackageReference "firebase-ios-sdk" */;
			productName = FirebaseMessaging;
		};
		0517F1F72AE75DF700FD855A /* FirebasePerformance */ = {
			isa = XCSwiftPackageProductDependency;
			package = 0517F1CA2AE75DF700FD855A /* XCRemoteSwiftPackageReference "firebase-ios-sdk" */;
			productName = FirebasePerformance;
		};
		0517F1F92AE75DF700FD855A /* FirebaseRemoteConfig */ = {
			isa = XCSwiftPackageProductDependency;
			package = 0517F1CA2AE75DF700FD855A /* XCRemoteSwiftPackageReference "firebase-ios-sdk" */;
			productName = FirebaseRemoteConfig;
		};
		0517F1FB2AE75DF700FD855A /* FirebaseRemoteConfigSwift */ = {
			isa = XCSwiftPackageProductDependency;
			package = 0517F1CA2AE75DF700FD855A /* XCRemoteSwiftPackageReference "firebase-ios-sdk" */;
			productName = FirebaseRemoteConfigSwift;
		};
		0517F1FD2AE75DF700FD855A /* FirebaseStorage */ = {
			isa = XCSwiftPackageProductDependency;
			package = 0517F1CA2AE75DF700FD855A /* XCRemoteSwiftPackageReference "firebase-ios-sdk" */;
			productName = FirebaseStorage;
		};
		0517F1FF2AE75DF700FD855A /* FirebaseStorageCombine-Community */ = {
			isa = XCSwiftPackageProductDependency;
			package = 0517F1CA2AE75DF700FD855A /* XCRemoteSwiftPackageReference "firebase-ios-sdk" */;
			productName = "FirebaseStorageCombine-Community";
		};
/* End XCSwiftPackageProductDependency section */
	};
	rootObject = 0517F1AF2AE7581000FD855A /* Project object */;
}
