// !$*UTF8*$!
{
	archiveVersion = 1;
	classes = {
	};
	objectVersion = 56;
	objects = {

/* Begin PBXBuildFile section */
		0517F1BB2AE7581000FD855A /* StudyForaApp.swift in Sources */ = {isa = PBXBuildFile; fileRef = 0517F1BA2AE7581000FD855A /* StudyForaApp.swift */; };
		0517F1BD2AE7581000FD855A /* ContentView.swift in Sources */ = {isa = PBXBuildFile; fileRef = 0517F1BC2AE7581000FD855A /* ContentView.swift */; };
		0517F1BF2AE7581100FD855A /* Assets.xcassets in Resources */ = {isa = PBXBuildFile; fileRef = 0517F1BE2AE7581100FD855A /* Assets.xcassets */; };
		0517F1C22AE7581100FD855A /* Preview Assets.xcassets in Resources */ = {isa = PBXBuildFile; fileRef = 0517F1C12AE7581100FD855A /* Preview Assets.xcassets */; };
		0517F1CC2AE75DF700FD855A /* FirebaseAnalytics in Frameworks */ = {isa = PBXBuildFile; productRef = 0517F1CB2AE75DF700FD855A /* FirebaseAnalytics */; };
		0517F1CE2AE75DF700FD855A /* FirebaseAnalyticsOnDeviceConversion in Frameworks */ = {isa = PBXBuildFile; productRef = 0517F1CD2AE75DF700FD855A /* FirebaseAnalyticsOnDeviceConversion */; };
		0517F1D02AE75DF700FD855A /* FirebaseAnalyticsSwift in Frameworks */ = {isa = PBXBuildFile; productRef = 0517F1CF2AE75DF700FD855A /* FirebaseAnalyticsSwift */; };
		0517F1D22AE75DF700FD855A /* FirebaseAnalyticsWithoutAdIdSupport in Frameworks */ = {isa = PBXBuildFile; productRef = 0517F1D12AE75DF700FD855A /* FirebaseAnalyticsWithoutAdIdSupport */; };
		0517F1D42AE75DF700FD855A /* FirebaseAppCheck in Frameworks */ = {isa = PBXBuildFile; productRef = 0517F1D32AE75DF700FD855A /* FirebaseAppCheck */; };
		0517F1D62AE75DF700FD855A /* FirebaseAppDistribution-Beta in Frameworks */ = {isa = PBXBuildFile; productRef = 0517F1D52AE75DF700FD855A /* FirebaseAppDistribution-Beta */; };
		0517F1D82AE75DF700FD855A /* FirebaseAuth in Frameworks */ = {isa = PBXBuildFile; productRef = 0517F1D72AE75DF700FD855A /* FirebaseAuth */; };
		0517F1DA2AE75DF700FD855A /* FirebaseAuthCombine-Community in Frameworks */ = {isa = PBXBuildFile; productRef = 0517F1D92AE75DF700FD855A /* FirebaseAuthCombine-Community */; };
		0517F1DC2AE75DF700FD855A /* FirebaseCrashlytics in Frameworks */ = {isa = PBXBuildFile; productRef = 0517F1DB2AE75DF700FD855A /* FirebaseCrashlytics */; };
		0517F1DE2AE75DF700FD855A /* FirebaseDatabase in Frameworks */ = {isa = PBXBuildFile; productRef = 0517F1DD2AE75DF700FD855A /* FirebaseDatabase */; };
		0517F1E02AE75DF700FD855A /* FirebaseDatabaseSwift in Frameworks */ = {isa = PBXBuildFile; productRef = 0517F1DF2AE75DF700FD855A /* FirebaseDatabaseSwift */; };
		0517F1E22AE75DF700FD855A /* FirebaseDynamicLinks in Frameworks */ = {isa = PBXBuildFile; productRef = 0517F1E12AE75DF700FD855A /* FirebaseDynamicLinks */; };
		0517F1E42AE75DF700FD855A /* FirebaseFirestore in Frameworks */ = {isa = PBXBuildFile; productRef = 0517F1E32AE75DF700FD855A /* FirebaseFirestore */; };
		0517F1E62AE75DF700FD855A /* FirebaseFirestoreCombine-Community in Frameworks */ = {isa = PBXBuildFile; productRef = 0517F1E52AE75DF700FD855A /* FirebaseFirestoreCombine-Community */; };
		0517F1E82AE75DF700FD855A /* FirebaseFirestoreSwift in Frameworks */ = {isa = PBXBuildFile; productRef = 0517F1E72AE75DF700FD855A /* FirebaseFirestoreSwift */; };
		0517F1EA2AE75DF700FD855A /* FirebaseFunctions in Frameworks */ = {isa = PBXBuildFile; productRef = 0517F1E92AE75DF700FD855A /* FirebaseFunctions */; };
		0517F1EC2AE75DF700FD855A /* FirebaseFunctionsCombine-Community in Frameworks */ = {isa = PBXBuildFile; productRef = 0517F1EB2AE75DF700FD855A /* FirebaseFunctionsCombine-Community */; };
		0517F1EE2AE75DF700FD855A /* FirebaseInAppMessaging-Beta in Frameworks */ = {isa = PBXBuildFile; productRef = 0517F1ED2AE75DF700FD855A /* FirebaseInAppMessaging-Beta */; };
		0517F1F02AE75DF700FD855A /* FirebaseInAppMessagingSwift-Beta in Frameworks */ = {isa = PBXBuildFile; productRef = 0517F1EF2AE75DF700FD855A /* FirebaseInAppMessagingSwift-Beta */; };
		0517F1F22AE75DF700FD855A /* FirebaseInstallations in Frameworks */ = {isa = PBXBuildFile; productRef = 0517F1F12AE75DF700FD855A /* FirebaseInstallations */; };
		0517F1F42AE75DF700FD855A /* FirebaseMLModelDownloader in Frameworks */ = {isa = PBXBuildFile; productRef = 0517F1F32AE75DF700FD855A /* FirebaseMLModelDownloader */; };
		0517F1F62AE75DF700FD855A /* FirebaseMessaging in Frameworks */ = {isa = PBXBuildFile; productRef = 0517F1F52AE75DF700FD855A /* FirebaseMessaging */; };
		0517F1F82AE75DF700FD855A /* FirebasePerformance in Frameworks */ = {isa = PBXBuildFile; productRef = 0517F1F72AE75DF700FD855A /* FirebasePerformance */; };
		0517F1FA2AE75DF700FD855A /* FirebaseRemoteConfig in Frameworks */ = {isa = PBXBuildFile; productRef = 0517F1F92AE75DF700FD855A /* FirebaseRemoteConfig */; };
		0517F1FC2AE75DF700FD855A /* FirebaseRemoteConfigSwift in Frameworks */ = {isa = PBXBuildFile; productRef = 0517F1FB2AE75DF700FD855A /* FirebaseRemoteConfigSwift */; };
		0517F1FE2AE75DF700FD855A /* FirebaseStorage in Frameworks */ = {isa = PBXBuildFile; productRef = 0517F1FD2AE75DF700FD855A /* FirebaseStorage */; };
		0517F2002AE75DF700FD855A /* FirebaseStorageCombine-Community in Frameworks */ = {isa = PBXBuildFile; productRef = 0517F1FF2AE75DF700FD855A /* FirebaseStorageCombine-Community */; };
		0517F2032AE7685400FD855A /* AppDelegate.swift in Sources */ = {isa = PBXBuildFile; fileRef = 0517F2022AE7685400FD855A /* AppDelegate.swift */; };
		05364DC32B3704A100B00A16 /* RegisterView.swift in Sources */ = {isa = PBXBuildFile; fileRef = 05364DC22B3704A100B00A16 /* RegisterView.swift */; };
		05364DC62B3704B000B00A16 /* RegisterViewModel.swift in Sources */ = {isa = PBXBuildFile; fileRef = 05364DC52B3704B000B00A16 /* RegisterViewModel.swift */; };
		05364DC92B37075600B00A16 /* StatesEnum.swift in Sources */ = {isa = PBXBuildFile; fileRef = 05364DC82B37075600B00A16 /* StatesEnum.swift */; };
		054BA0002B3A76AB00DC82A2 /* Router.swift in Sources */ = {isa = PBXBuildFile; fileRef = 054B9FFF2B3A76AB00DC82A2 /* Router.swift */; };
		054BA0032B3A78B500DC82A2 /* ProfileView.swift in Sources */ = {isa = PBXBuildFile; fileRef = 054BA0022B3A78B500DC82A2 /* ProfileView.swift */; };
		054BA0092B3ADC0700DC82A2 /* RegisterRepository.swift in Sources */ = {isa = PBXBuildFile; fileRef = 054BA0082B3ADC0700DC82A2 /* RegisterRepository.swift */; };
		054BA00B2B3ADCA400DC82A2 /* RegisterUseCase.swift in Sources */ = {isa = PBXBuildFile; fileRef = 054BA00A2B3ADCA400DC82A2 /* RegisterUseCase.swift */; };
		054BA0142B3AE10F00DC82A2 /* RegisterRepositoryImpl.swift in Sources */ = {isa = PBXBuildFile; fileRef = 054BA0132B3AE10F00DC82A2 /* RegisterRepositoryImpl.swift */; };
		054BA01B2B3C0F5500DC82A2 /* RegisterRequestModel.swift in Sources */ = {isa = PBXBuildFile; fileRef = 054BA01A2B3C0F5500DC82A2 /* RegisterRequestModel.swift */; };
		054BA0202B3C123300DC82A2 /* LoginReponseModel.swift in Sources */ = {isa = PBXBuildFile; fileRef = 054BA01F2B3C123300DC82A2 /* LoginReponseModel.swift */; };
		0557F9EB2B4950CC00D05A3C /* EmailLoginUseCase.swift in Sources */ = {isa = PBXBuildFile; fileRef = 0557F9EA2B4950CC00D05A3C /* EmailLoginUseCase.swift */; };
		0557F9EE2B4950E000D05A3C /* LoginRepository.swift in Sources */ = {isa = PBXBuildFile; fileRef = 0557F9ED2B4950E000D05A3C /* LoginRepository.swift */; };
		0557F9F22B4951AC00D05A3C /* LoginRepositoryImpl.swift in Sources */ = {isa = PBXBuildFile; fileRef = 0557F9F12B4951AC00D05A3C /* LoginRepositoryImpl.swift */; };
		0557F9F72B4952AC00D05A3C /* LoginView.swift in Sources */ = {isa = PBXBuildFile; fileRef = 0557F9F62B4952AC00D05A3C /* LoginView.swift */; };
		0557F9F92B49530400D05A3C /* LoginViewModel.swift in Sources */ = {isa = PBXBuildFile; fileRef = 0557F9F82B49530400D05A3C /* LoginViewModel.swift */; };
		0557F9FC2B49560F00D05A3C /* GoogleSignIn in Frameworks */ = {isa = PBXBuildFile; productRef = 0557F9FB2B49560F00D05A3C /* GoogleSignIn */; };
		0557F9FE2B49560F00D05A3C /* GoogleSignInSwift in Frameworks */ = {isa = PBXBuildFile; productRef = 0557F9FD2B49560F00D05A3C /* GoogleSignInSwift */; };
		0557FA012B495E2900D05A3C /* GoogleService-Info.plist in Resources */ = {isa = PBXBuildFile; fileRef = 0557FA002B495E2900D05A3C /* GoogleService-Info.plist */; };
		0557FA032B4A523E00D05A3C /* GoogleLoginUseCase.swift in Sources */ = {isa = PBXBuildFile; fileRef = 0557FA022B4A523E00D05A3C /* GoogleLoginUseCase.swift */; };
		0557FA052B4A5AE000D05A3C /* ErrorMessageEnum.swift in Sources */ = {isa = PBXBuildFile; fileRef = 0557FA042B4A5AE000D05A3C /* ErrorMessageEnum.swift */; };
		0557FA072B4A640200D05A3C /* CredentialLoginUseCase.swift in Sources */ = {isa = PBXBuildFile; fileRef = 0557FA062B4A640200D05A3C /* CredentialLoginUseCase.swift */; };
		0557FA092B4A6D1400D05A3C /* EnvironmentValues.swift in Sources */ = {isa = PBXBuildFile; fileRef = 0557FA082B4A6D1400D05A3C /* EnvironmentValues.swift */; };
		0557FA0E2B4A7A2300D05A3C /* MainButton.swift in Sources */ = {isa = PBXBuildFile; fileRef = 0557FA0D2B4A7A2300D05A3C /* MainButton.swift */; };
		0557FA102B4A7D0E00D05A3C /* UIDevice.swift in Sources */ = {isa = PBXBuildFile; fileRef = 0557FA0F2B4A7D0E00D05A3C /* UIDevice.swift */; };
		0557FA122B4A7D9200D05A3C /* Color.swift in Sources */ = {isa = PBXBuildFile; fileRef = 0557FA112B4A7D9200D05A3C /* Color.swift */; };
		0557FA172B4BD48D00D05A3C /* UserModel.swift in Sources */ = {isa = PBXBuildFile; fileRef = 0557FA162B4BD48D00D05A3C /* UserModel.swift */; };
		0557FA192B4BDF8A00D05A3C /* UserRepository.swift in Sources */ = {isa = PBXBuildFile; fileRef = 0557FA182B4BDF8A00D05A3C /* UserRepository.swift */; };
		0557FA1B2B4BE0B100D05A3C /* UserRepositoryImpl.swift in Sources */ = {isa = PBXBuildFile; fileRef = 0557FA1A2B4BE0B100D05A3C /* UserRepositoryImpl.swift */; };
		0557FA1E2B4BE6A400D05A3C /* ProfileViewModel.swift in Sources */ = {isa = PBXBuildFile; fileRef = 0557FA1D2B4BE6A400D05A3C /* ProfileViewModel.swift */; };
		0557FA232B4C059D00D05A3C /* HomeView.swift in Sources */ = {isa = PBXBuildFile; fileRef = 0557FA222B4C059D00D05A3C /* HomeView.swift */; };
		0557FA252B4C074A00D05A3C /* Screen.swift in Sources */ = {isa = PBXBuildFile; fileRef = 0557FA242B4C074A00D05A3C /* Screen.swift */; };
		0557FA2A2B4C0F8600D05A3C /* StudyGroupView.swift in Sources */ = {isa = PBXBuildFile; fileRef = 0557FA292B4C0F8600D05A3C /* StudyGroupView.swift */; };
		056FBC692B620228002B1F4C /* ImagePreview.swift in Sources */ = {isa = PBXBuildFile; fileRef = 056FBC682B620228002B1F4C /* ImagePreview.swift */; };
		0586D9582B5E69FA001D2324 /* ContentViewModel.swift in Sources */ = {isa = PBXBuildFile; fileRef = 0586D9572B5E69FA001D2324 /* ContentViewModel.swift */; };
		0586D95D2B5E75BA001D2324 /* TextFieldModifier.swift in Sources */ = {isa = PBXBuildFile; fileRef = 0586D95C2B5E75BA001D2324 /* TextFieldModifier.swift */; };
		0586D9612B600EC8001D2324 /* RootModifier.swift in Sources */ = {isa = PBXBuildFile; fileRef = 0586D9602B600EC8001D2324 /* RootModifier.swift */; };
		0586D9642B601DAE001D2324 /* TipsBanner.swift in Sources */ = {isa = PBXBuildFile; fileRef = 0586D9632B601DAE001D2324 /* TipsBanner.swift */; };
		0586D96D2B602630001D2324 /* CTABanner.swift in Sources */ = {isa = PBXBuildFile; fileRef = 0586D96C2B602630001D2324 /* CTABanner.swift */; };
		0586D96F2B602639001D2324 /* LeaderboardBanner.swift in Sources */ = {isa = PBXBuildFile; fileRef = 0586D96E2B602639001D2324 /* LeaderboardBanner.swift */; };
		0586D9712B602656001D2324 /* MainCard.swift in Sources */ = {isa = PBXBuildFile; fileRef = 0586D9702B602656001D2324 /* MainCard.swift */; };
		0586D9732B602679001D2324 /* User.swift in Sources */ = {isa = PBXBuildFile; fileRef = 0586D9722B602679001D2324 /* User.swift */; };
		0586D9752B602693001D2324 /* Thread.swift in Sources */ = {isa = PBXBuildFile; fileRef = 0586D9742B602693001D2324 /* Thread.swift */; };
		05D062882B612487002E5D91 /* PhotoFrame.swift in Sources */ = {isa = PBXBuildFile; fileRef = 05D062872B612487002E5D91 /* PhotoFrame.swift */; };
		05FA540A2B5CCCE400AFE0C8 /* AuthService.swift in Sources */ = {isa = PBXBuildFile; fileRef = 05FA54092B5CCCE400AFE0C8 /* AuthService.swift */; };
		05FA540D2B5CD17900AFE0C8 /* UserService.swift in Sources */ = {isa = PBXBuildFile; fileRef = 05FA540C2B5CD17900AFE0C8 /* UserService.swift */; };
/* End PBXBuildFile section */

/* Begin PBXFileReference section */
		0517F1B72AE7581000FD855A /* StudyFora.app */ = {isa = PBXFileReference; explicitFileType = wrapper.application; includeInIndex = 0; path = StudyFora.app; sourceTree = BUILT_PRODUCTS_DIR; };
		0517F1BA2AE7581000FD855A /* StudyForaApp.swift */ = {isa = PBXFileReference; lastKnownFileType = sourcecode.swift; path = StudyForaApp.swift; sourceTree = "<group>"; };
		0517F1BC2AE7581000FD855A /* ContentView.swift */ = {isa = PBXFileReference; lastKnownFileType = sourcecode.swift; path = ContentView.swift; sourceTree = "<group>"; };
		0517F1BE2AE7581100FD855A /* Assets.xcassets */ = {isa = PBXFileReference; lastKnownFileType = folder.assetcatalog; path = Assets.xcassets; sourceTree = "<group>"; };
		0517F1C12AE7581100FD855A /* Preview Assets.xcassets */ = {isa = PBXFileReference; lastKnownFileType = folder.assetcatalog; path = "Preview Assets.xcassets"; sourceTree = "<group>"; };
		0517F2022AE7685400FD855A /* AppDelegate.swift */ = {isa = PBXFileReference; lastKnownFileType = sourcecode.swift; path = AppDelegate.swift; sourceTree = "<group>"; };
		05364DC22B3704A100B00A16 /* RegisterView.swift */ = {isa = PBXFileReference; lastKnownFileType = sourcecode.swift; path = RegisterView.swift; sourceTree = "<group>"; };
		05364DC52B3704B000B00A16 /* RegisterViewModel.swift */ = {isa = PBXFileReference; lastKnownFileType = sourcecode.swift; path = RegisterViewModel.swift; sourceTree = "<group>"; };
		05364DC82B37075600B00A16 /* StatesEnum.swift */ = {isa = PBXFileReference; lastKnownFileType = sourcecode.swift; path = StatesEnum.swift; sourceTree = "<group>"; };
		054B9FFF2B3A76AB00DC82A2 /* Router.swift */ = {isa = PBXFileReference; lastKnownFileType = sourcecode.swift; path = Router.swift; sourceTree = "<group>"; };
		054BA0022B3A78B500DC82A2 /* ProfileView.swift */ = {isa = PBXFileReference; lastKnownFileType = sourcecode.swift; path = ProfileView.swift; sourceTree = "<group>"; };
		054BA0082B3ADC0700DC82A2 /* RegisterRepository.swift */ = {isa = PBXFileReference; lastKnownFileType = sourcecode.swift; path = RegisterRepository.swift; sourceTree = "<group>"; };
		054BA00A2B3ADCA400DC82A2 /* RegisterUseCase.swift */ = {isa = PBXFileReference; lastKnownFileType = sourcecode.swift; path = RegisterUseCase.swift; sourceTree = "<group>"; };
		054BA0132B3AE10F00DC82A2 /* RegisterRepositoryImpl.swift */ = {isa = PBXFileReference; lastKnownFileType = sourcecode.swift; path = RegisterRepositoryImpl.swift; sourceTree = "<group>"; };
		054BA01A2B3C0F5500DC82A2 /* RegisterRequestModel.swift */ = {isa = PBXFileReference; lastKnownFileType = sourcecode.swift; path = RegisterRequestModel.swift; sourceTree = "<group>"; };
		054BA01F2B3C123300DC82A2 /* LoginReponseModel.swift */ = {isa = PBXFileReference; lastKnownFileType = sourcecode.swift; path = LoginReponseModel.swift; sourceTree = "<group>"; };
		0557F9EA2B4950CC00D05A3C /* EmailLoginUseCase.swift */ = {isa = PBXFileReference; lastKnownFileType = sourcecode.swift; path = EmailLoginUseCase.swift; sourceTree = "<group>"; };
		0557F9ED2B4950E000D05A3C /* LoginRepository.swift */ = {isa = PBXFileReference; lastKnownFileType = sourcecode.swift; path = LoginRepository.swift; sourceTree = "<group>"; };
		0557F9F12B4951AC00D05A3C /* LoginRepositoryImpl.swift */ = {isa = PBXFileReference; lastKnownFileType = sourcecode.swift; path = LoginRepositoryImpl.swift; sourceTree = "<group>"; };
		0557F9F62B4952AC00D05A3C /* LoginView.swift */ = {isa = PBXFileReference; lastKnownFileType = sourcecode.swift; path = LoginView.swift; sourceTree = "<group>"; };
		0557F9F82B49530400D05A3C /* LoginViewModel.swift */ = {isa = PBXFileReference; lastKnownFileType = sourcecode.swift; path = LoginViewModel.swift; sourceTree = "<group>"; };
		0557F9FF2B495BFC00D05A3C /* Info.plist */ = {isa = PBXFileReference; lastKnownFileType = text.plist; path = Info.plist; sourceTree = "<group>"; };
		0557FA002B495E2900D05A3C /* GoogleService-Info.plist */ = {isa = PBXFileReference; fileEncoding = 4; lastKnownFileType = text.plist.xml; path = "GoogleService-Info.plist"; sourceTree = "<group>"; };
		0557FA022B4A523E00D05A3C /* GoogleLoginUseCase.swift */ = {isa = PBXFileReference; lastKnownFileType = sourcecode.swift; path = GoogleLoginUseCase.swift; sourceTree = "<group>"; };
		0557FA042B4A5AE000D05A3C /* ErrorMessageEnum.swift */ = {isa = PBXFileReference; lastKnownFileType = sourcecode.swift; path = ErrorMessageEnum.swift; sourceTree = "<group>"; };
		0557FA062B4A640200D05A3C /* CredentialLoginUseCase.swift */ = {isa = PBXFileReference; lastKnownFileType = sourcecode.swift; path = CredentialLoginUseCase.swift; sourceTree = "<group>"; };
		0557FA082B4A6D1400D05A3C /* EnvironmentValues.swift */ = {isa = PBXFileReference; lastKnownFileType = sourcecode.swift; path = EnvironmentValues.swift; sourceTree = "<group>"; };
		0557FA0D2B4A7A2300D05A3C /* MainButton.swift */ = {isa = PBXFileReference; lastKnownFileType = sourcecode.swift; path = MainButton.swift; sourceTree = "<group>"; };
		0557FA0F2B4A7D0E00D05A3C /* UIDevice.swift */ = {isa = PBXFileReference; lastKnownFileType = sourcecode.swift; path = UIDevice.swift; sourceTree = "<group>"; };
		0557FA112B4A7D9200D05A3C /* Color.swift */ = {isa = PBXFileReference; lastKnownFileType = sourcecode.swift; path = Color.swift; sourceTree = "<group>"; };
		0557FA162B4BD48D00D05A3C /* UserModel.swift */ = {isa = PBXFileReference; lastKnownFileType = sourcecode.swift; path = UserModel.swift; sourceTree = "<group>"; };
		0557FA182B4BDF8A00D05A3C /* UserRepository.swift */ = {isa = PBXFileReference; lastKnownFileType = sourcecode.swift; path = UserRepository.swift; sourceTree = "<group>"; };
		0557FA1A2B4BE0B100D05A3C /* UserRepositoryImpl.swift */ = {isa = PBXFileReference; lastKnownFileType = sourcecode.swift; path = UserRepositoryImpl.swift; sourceTree = "<group>"; };
		0557FA1D2B4BE6A400D05A3C /* ProfileViewModel.swift */ = {isa = PBXFileReference; lastKnownFileType = sourcecode.swift; path = ProfileViewModel.swift; sourceTree = "<group>"; };
		0557FA222B4C059D00D05A3C /* HomeView.swift */ = {isa = PBXFileReference; lastKnownFileType = sourcecode.swift; path = HomeView.swift; sourceTree = "<group>"; };
		0557FA242B4C074A00D05A3C /* Screen.swift */ = {isa = PBXFileReference; lastKnownFileType = sourcecode.swift; path = Screen.swift; sourceTree = "<group>"; };
		0557FA292B4C0F8600D05A3C /* StudyGroupView.swift */ = {isa = PBXFileReference; lastKnownFileType = sourcecode.swift; path = StudyGroupView.swift; sourceTree = "<group>"; };
		056FBC682B620228002B1F4C /* ImagePreview.swift */ = {isa = PBXFileReference; lastKnownFileType = sourcecode.swift; path = ImagePreview.swift; sourceTree = "<group>"; };
		0586D9572B5E69FA001D2324 /* ContentViewModel.swift */ = {isa = PBXFileReference; lastKnownFileType = sourcecode.swift; path = ContentViewModel.swift; sourceTree = "<group>"; };
		0586D95C2B5E75BA001D2324 /* TextFieldModifier.swift */ = {isa = PBXFileReference; lastKnownFileType = sourcecode.swift; path = TextFieldModifier.swift; sourceTree = "<group>"; };
		0586D9602B600EC8001D2324 /* RootModifier.swift */ = {isa = PBXFileReference; lastKnownFileType = sourcecode.swift; path = RootModifier.swift; sourceTree = "<group>"; };
		0586D9632B601DAE001D2324 /* TipsBanner.swift */ = {isa = PBXFileReference; lastKnownFileType = sourcecode.swift; path = TipsBanner.swift; sourceTree = "<group>"; };
		0586D96C2B602630001D2324 /* CTABanner.swift */ = {isa = PBXFileReference; lastKnownFileType = sourcecode.swift; path = CTABanner.swift; sourceTree = "<group>"; };
		0586D96E2B602639001D2324 /* LeaderboardBanner.swift */ = {isa = PBXFileReference; lastKnownFileType = sourcecode.swift; path = LeaderboardBanner.swift; sourceTree = "<group>"; };
		0586D9702B602656001D2324 /* MainCard.swift */ = {isa = PBXFileReference; lastKnownFileType = sourcecode.swift; path = MainCard.swift; sourceTree = "<group>"; };
		0586D9722B602679001D2324 /* User.swift */ = {isa = PBXFileReference; lastKnownFileType = sourcecode.swift; path = User.swift; sourceTree = "<group>"; };
		0586D9742B602693001D2324 /* Thread.swift */ = {isa = PBXFileReference; lastKnownFileType = sourcecode.swift; path = Thread.swift; sourceTree = "<group>"; };
		05D062872B612487002E5D91 /* PhotoFrame.swift */ = {isa = PBXFileReference; lastKnownFileType = sourcecode.swift; path = PhotoFrame.swift; sourceTree = "<group>"; };
		05FA54092B5CCCE400AFE0C8 /* AuthService.swift */ = {isa = PBXFileReference; lastKnownFileType = sourcecode.swift; path = AuthService.swift; sourceTree = "<group>"; };
		05FA540C2B5CD17900AFE0C8 /* UserService.swift */ = {isa = PBXFileReference; lastKnownFileType = sourcecode.swift; path = UserService.swift; sourceTree = "<group>"; };
/* End PBXFileReference section */

/* Begin PBXFrameworksBuildPhase section */
		0517F1B42AE7581000FD855A /* Frameworks */ = {
			isa = PBXFrameworksBuildPhase;
			buildActionMask = 2147483647;
			files = (
				0517F1DE2AE75DF700FD855A /* FirebaseDatabase in Frameworks */,
				0517F1EC2AE75DF700FD855A /* FirebaseFunctionsCombine-Community in Frameworks */,
				0517F1E42AE75DF700FD855A /* FirebaseFirestore in Frameworks */,
				0517F1D02AE75DF700FD855A /* FirebaseAnalyticsSwift in Frameworks */,
				0517F1CC2AE75DF700FD855A /* FirebaseAnalytics in Frameworks */,
				0517F1CE2AE75DF700FD855A /* FirebaseAnalyticsOnDeviceConversion in Frameworks */,
				0517F1F42AE75DF700FD855A /* FirebaseMLModelDownloader in Frameworks */,
				0557F9FE2B49560F00D05A3C /* GoogleSignInSwift in Frameworks */,
				0517F1E82AE75DF700FD855A /* FirebaseFirestoreSwift in Frameworks */,
				0517F1D42AE75DF700FD855A /* FirebaseAppCheck in Frameworks */,
				0517F1D22AE75DF700FD855A /* FirebaseAnalyticsWithoutAdIdSupport in Frameworks */,
				0517F1D82AE75DF700FD855A /* FirebaseAuth in Frameworks */,
				0517F1DC2AE75DF700FD855A /* FirebaseCrashlytics in Frameworks */,
				0517F1FC2AE75DF700FD855A /* FirebaseRemoteConfigSwift in Frameworks */,
				0557F9FC2B49560F00D05A3C /* GoogleSignIn in Frameworks */,
				0517F1EE2AE75DF700FD855A /* FirebaseInAppMessaging-Beta in Frameworks */,
				0517F1E02AE75DF700FD855A /* FirebaseDatabaseSwift in Frameworks */,
				0517F1EA2AE75DF700FD855A /* FirebaseFunctions in Frameworks */,
				0517F2002AE75DF700FD855A /* FirebaseStorageCombine-Community in Frameworks */,
				0517F1FA2AE75DF700FD855A /* FirebaseRemoteConfig in Frameworks */,
				0517F1D62AE75DF700FD855A /* FirebaseAppDistribution-Beta in Frameworks */,
				0517F1DA2AE75DF700FD855A /* FirebaseAuthCombine-Community in Frameworks */,
				0517F1F82AE75DF700FD855A /* FirebasePerformance in Frameworks */,
				0517F1F02AE75DF700FD855A /* FirebaseInAppMessagingSwift-Beta in Frameworks */,
				0517F1FE2AE75DF700FD855A /* FirebaseStorage in Frameworks */,
				0517F1E22AE75DF700FD855A /* FirebaseDynamicLinks in Frameworks */,
				0517F1E62AE75DF700FD855A /* FirebaseFirestoreCombine-Community in Frameworks */,
				0517F1F62AE75DF700FD855A /* FirebaseMessaging in Frameworks */,
				0517F1F22AE75DF700FD855A /* FirebaseInstallations in Frameworks */,
			);
			runOnlyForDeploymentPostprocessing = 0;
		};
/* End PBXFrameworksBuildPhase section */

/* Begin PBXGroup section */
		0517F1AE2AE7581000FD855A = {
			isa = PBXGroup;
			children = (
				0517F1B92AE7581000FD855A /* StudyFora */,
				0557FA002B495E2900D05A3C /* GoogleService-Info.plist */,
				0517F1B82AE7581000FD855A /* Products */,
			);
			sourceTree = "<group>";
		};
		0517F1B82AE7581000FD855A /* Products */ = {
			isa = PBXGroup;
			children = (
				0517F1B72AE7581000FD855A /* StudyFora.app */,
			);
			name = Products;
			sourceTree = "<group>";
		};
		0517F1B92AE7581000FD855A /* StudyFora */ = {
			isa = PBXGroup;
			children = (
				0586D95B2B5E7598001D2324 /* Modifiers */,
				05FA54082B5CCCD000AFE0C8 /* Services */,
				0557F9FF2B495BFC00D05A3C /* Info.plist */,
				05364DBE2B37040E00B00A16 /* Components */,
				05364DBC2B36CFFB00B00A16 /* Core */,
				05364DB22B36A63600B00A16 /* Features */,
				05364DBD2B36D00600B00A16 /* Utils */,
				0517F2022AE7685400FD855A /* AppDelegate.swift */,
				0517F1BA2AE7581000FD855A /* StudyForaApp.swift */,
				0517F1BE2AE7581100FD855A /* Assets.xcassets */,
				0517F1C02AE7581100FD855A /* Preview Content */,
			);
			path = StudyFora;
			sourceTree = "<group>";
		};
		0517F1C02AE7581100FD855A /* Preview Content */ = {
			isa = PBXGroup;
			children = (
				0517F1C12AE7581100FD855A /* Preview Assets.xcassets */,
			);
			path = "Preview Content";
			sourceTree = "<group>";
		};
		05364DB22B36A63600B00A16 /* Features */ = {
			isa = PBXGroup;
			children = (
				0586D9562B5E69C8001D2324 /* Root */,
				0557FA262B4C0F4000D05A3C /* StudyGroup */,
				0557FA1F2B4C058300D05A3C /* Home */,
				054BA01C2B3C120400DC82A2 /* Login */,
				05364DBF2B37046A00B00A16 /* Register */,
				05364DB32B36A6A700B00A16 /* Profile */,
			);
			path = Features;
			sourceTree = "<group>";
		};
		05364DB32B36A6A700B00A16 /* Profile */ = {
			isa = PBXGroup;
			children = (
				05364DB42B36A6C000B00A16 /* Data */,
				05364DB52B36A6C500B00A16 /* Domain */,
				05364DB62B36A6CB00B00A16 /* Presentation */,
			);
			path = Profile;
			sourceTree = "<group>";
		};
		05364DB42B36A6C000B00A16 /* Data */ = {
			isa = PBXGroup;
			children = (
				05364DB92B36CD9B00B00A16 /* RepositoryImpl */,
				05364DB72B36CD8400B00A16 /* DataSource */,
			);
			path = Data;
			sourceTree = "<group>";
		};
		05364DB52B36A6C500B00A16 /* Domain */ = {
			isa = PBXGroup;
			children = (
				05364DBB2B36CFBD00B00A16 /* Repository */,
				05364DBA2B36CFB900B00A16 /* UseCase */,
				05364DB82B36CD9700B00A16 /* Model */,
			);
			path = Domain;
			sourceTree = "<group>";
		};
		05364DB62B36A6CB00B00A16 /* Presentation */ = {
			isa = PBXGroup;
			children = (
				0557FA1C2B4BE69B00D05A3C /* ViewModel */,
				054BA0012B3A78AA00DC82A2 /* View */,
			);
			path = Presentation;
			sourceTree = "<group>";
		};
		05364DB72B36CD8400B00A16 /* DataSource */ = {
			isa = PBXGroup;
			children = (
			);
			path = DataSource;
			sourceTree = "<group>";
		};
		05364DB82B36CD9700B00A16 /* Model */ = {
			isa = PBXGroup;
			children = (
				0557FA162B4BD48D00D05A3C /* UserModel.swift */,
			);
			path = Model;
			sourceTree = "<group>";
		};
		05364DB92B36CD9B00B00A16 /* RepositoryImpl */ = {
			isa = PBXGroup;
			children = (
				0557FA1A2B4BE0B100D05A3C /* UserRepositoryImpl.swift */,
			);
			path = RepositoryImpl;
			sourceTree = "<group>";
		};
		05364DBA2B36CFB900B00A16 /* UseCase */ = {
			isa = PBXGroup;
			children = (
			);
			path = UseCase;
			sourceTree = "<group>";
		};
		05364DBB2B36CFBD00B00A16 /* Repository */ = {
			isa = PBXGroup;
			children = (
				0557FA182B4BDF8A00D05A3C /* UserRepository.swift */,
			);
			path = Repository;
			sourceTree = "<group>";
		};
		05364DBC2B36CFFB00B00A16 /* Core */ = {
			isa = PBXGroup;
			children = (
				054BA0212B3C20AD00DC82A2 /* Extension */,
				054B9FFE2B3A76A000DC82A2 /* Router */,
				05364DC72B37074B00B00A16 /* Enum */,
			);
			path = Core;
			sourceTree = "<group>";
		};
		05364DBD2B36D00600B00A16 /* Utils */ = {
			isa = PBXGroup;
			children = (
				0557FA242B4C074A00D05A3C /* Screen.swift */,
			);
			path = Utils;
			sourceTree = "<group>";
		};
		05364DBE2B37040E00B00A16 /* Components */ = {
			isa = PBXGroup;
			children = (
				0586D96B2B6025DD001D2324 /* Card */,
				0586D96A2B6025D0001D2324 /* User */,
				0586D9672B602586001D2324 /* Thread */,
				0586D9622B601D98001D2324 /* Banner */,
				0557FA0A2B4A79E200D05A3C /* Button */,
				05D062872B612487002E5D91 /* PhotoFrame.swift */,
				056FBC682B620228002B1F4C /* ImagePreview.swift */,
			);
			path = Components;
			sourceTree = "<group>";
		};
		05364DBF2B37046A00B00A16 /* Register */ = {
			isa = PBXGroup;
			children = (
				054BA0112B3AE0F200DC82A2 /* Data */,
				054BA0052B3ADBCE00DC82A2 /* Domain */,
				05364DC02B37047400B00A16 /* Presentation */,
			);
			path = Register;
			sourceTree = "<group>";
		};
		05364DC02B37047400B00A16 /* Presentation */ = {
			isa = PBXGroup;
			children = (
				05364DC42B3704A700B00A16 /* ViewModel */,
				05364DC12B37048E00B00A16 /* View */,
			);
			path = Presentation;
			sourceTree = "<group>";
		};
		05364DC12B37048E00B00A16 /* View */ = {
			isa = PBXGroup;
			children = (
				05364DC22B3704A100B00A16 /* RegisterView.swift */,
			);
			path = View;
			sourceTree = "<group>";
		};
		05364DC42B3704A700B00A16 /* ViewModel */ = {
			isa = PBXGroup;
			children = (
				05364DC52B3704B000B00A16 /* RegisterViewModel.swift */,
			);
			path = ViewModel;
			sourceTree = "<group>";
		};
		05364DC72B37074B00B00A16 /* Enum */ = {
			isa = PBXGroup;
			children = (
				05364DC82B37075600B00A16 /* StatesEnum.swift */,
				0557FA042B4A5AE000D05A3C /* ErrorMessageEnum.swift */,
			);
			path = Enum;
			sourceTree = "<group>";
		};
		054B9FFE2B3A76A000DC82A2 /* Router */ = {
			isa = PBXGroup;
			children = (
				054B9FFF2B3A76AB00DC82A2 /* Router.swift */,
			);
			path = Router;
			sourceTree = "<group>";
		};
		054BA0012B3A78AA00DC82A2 /* View */ = {
			isa = PBXGroup;
			children = (
				054BA0022B3A78B500DC82A2 /* ProfileView.swift */,
			);
			path = View;
			sourceTree = "<group>";
		};
		054BA0052B3ADBCE00DC82A2 /* Domain */ = {
			isa = PBXGroup;
			children = (
				054BA0072B3ADBF700DC82A2 /* Repository */,
				054BA0062B3ADBDA00DC82A2 /* UseCase */,
				054BA00E2B3ADF4500DC82A2 /* Model */,
			);
			path = Domain;
			sourceTree = "<group>";
		};
		054BA0062B3ADBDA00DC82A2 /* UseCase */ = {
			isa = PBXGroup;
			children = (
				054BA00A2B3ADCA400DC82A2 /* RegisterUseCase.swift */,
			);
			path = UseCase;
			sourceTree = "<group>";
		};
		054BA0072B3ADBF700DC82A2 /* Repository */ = {
			isa = PBXGroup;
			children = (
				054BA0082B3ADC0700DC82A2 /* RegisterRepository.swift */,
			);
			path = Repository;
			sourceTree = "<group>";
		};
		054BA00E2B3ADF4500DC82A2 /* Model */ = {
			isa = PBXGroup;
			children = (
				054BA01A2B3C0F5500DC82A2 /* RegisterRequestModel.swift */,
			);
			path = Model;
			sourceTree = "<group>";
		};
		054BA0112B3AE0F200DC82A2 /* Data */ = {
			isa = PBXGroup;
			children = (
				054BA0122B3AE0F800DC82A2 /* RepositoryImpl */,
			);
			path = Data;
			sourceTree = "<group>";
		};
		054BA0122B3AE0F800DC82A2 /* RepositoryImpl */ = {
			isa = PBXGroup;
			children = (
				054BA0132B3AE10F00DC82A2 /* RegisterRepositoryImpl.swift */,
			);
			path = RepositoryImpl;
			sourceTree = "<group>";
		};
		054BA01C2B3C120400DC82A2 /* Login */ = {
			isa = PBXGroup;
			children = (
				0557F9EF2B49518E00D05A3C /* Data */,
				054BA01D2B3C122200DC82A2 /* Domain */,
				0557F9F32B49523300D05A3C /* Presentation */,
			);
			path = Login;
			sourceTree = "<group>";
		};
		054BA01D2B3C122200DC82A2 /* Domain */ = {
			isa = PBXGroup;
			children = (
				0557F9EC2B4950D800D05A3C /* Repository */,
				0557F9E92B4950C300D05A3C /* UseCase */,
				054BA01E2B3C122800DC82A2 /* Model */,
			);
			path = Domain;
			sourceTree = "<group>";
		};
		054BA01E2B3C122800DC82A2 /* Model */ = {
			isa = PBXGroup;
			children = (
				054BA01F2B3C123300DC82A2 /* LoginReponseModel.swift */,
			);
			path = Model;
			sourceTree = "<group>";
		};
		054BA0212B3C20AD00DC82A2 /* Extension */ = {
			isa = PBXGroup;
			children = (
				0557FA082B4A6D1400D05A3C /* EnvironmentValues.swift */,
				0557FA0F2B4A7D0E00D05A3C /* UIDevice.swift */,
				0557FA112B4A7D9200D05A3C /* Color.swift */,
			);
			path = Extension;
			sourceTree = "<group>";
		};
		0557F9E92B4950C300D05A3C /* UseCase */ = {
			isa = PBXGroup;
			children = (
				0557F9EA2B4950CC00D05A3C /* EmailLoginUseCase.swift */,
				0557FA062B4A640200D05A3C /* CredentialLoginUseCase.swift */,
				0557FA022B4A523E00D05A3C /* GoogleLoginUseCase.swift */,
			);
			path = UseCase;
			sourceTree = "<group>";
		};
		0557F9EC2B4950D800D05A3C /* Repository */ = {
			isa = PBXGroup;
			children = (
				0557F9ED2B4950E000D05A3C /* LoginRepository.swift */,
			);
			path = Repository;
			sourceTree = "<group>";
		};
		0557F9EF2B49518E00D05A3C /* Data */ = {
			isa = PBXGroup;
			children = (
				0557F9F02B49519400D05A3C /* RepositoryImpl */,
			);
			path = Data;
			sourceTree = "<group>";
		};
		0557F9F02B49519400D05A3C /* RepositoryImpl */ = {
			isa = PBXGroup;
			children = (
				0557F9F12B4951AC00D05A3C /* LoginRepositoryImpl.swift */,
			);
			path = RepositoryImpl;
			sourceTree = "<group>";
		};
		0557F9F32B49523300D05A3C /* Presentation */ = {
			isa = PBXGroup;
			children = (
				0557F9F42B49523A00D05A3C /* ViewModel */,
				0557F9F52B49523F00D05A3C /* View */,
			);
			path = Presentation;
			sourceTree = "<group>";
		};
		0557F9F42B49523A00D05A3C /* ViewModel */ = {
			isa = PBXGroup;
			children = (
				0557F9F82B49530400D05A3C /* LoginViewModel.swift */,
			);
			path = ViewModel;
			sourceTree = "<group>";
		};
		0557F9F52B49523F00D05A3C /* View */ = {
			isa = PBXGroup;
			children = (
				0557F9F62B4952AC00D05A3C /* LoginView.swift */,
			);
			path = View;
			sourceTree = "<group>";
		};
		0557FA0A2B4A79E200D05A3C /* Button */ = {
			isa = PBXGroup;
			children = (
				0557FA0D2B4A7A2300D05A3C /* MainButton.swift */,
			);
			path = Button;
			sourceTree = "<group>";
		};
		0557FA1C2B4BE69B00D05A3C /* ViewModel */ = {
			isa = PBXGroup;
			children = (
				0557FA1D2B4BE6A400D05A3C /* ProfileViewModel.swift */,
			);
			path = ViewModel;
			sourceTree = "<group>";
		};
		0557FA1F2B4C058300D05A3C /* Home */ = {
			isa = PBXGroup;
			children = (
				0557FA202B4C058C00D05A3C /* Presentation */,
			);
			path = Home;
			sourceTree = "<group>";
		};
		0557FA202B4C058C00D05A3C /* Presentation */ = {
			isa = PBXGroup;
			children = (
				0557FA212B4C059200D05A3C /* View */,
			);
			path = Presentation;
			sourceTree = "<group>";
		};
		0557FA212B4C059200D05A3C /* View */ = {
			isa = PBXGroup;
			children = (
				0557FA222B4C059D00D05A3C /* HomeView.swift */,
			);
			path = View;
			sourceTree = "<group>";
		};
		0557FA262B4C0F4000D05A3C /* StudyGroup */ = {
			isa = PBXGroup;
			children = (
				0557FA272B4C0F4700D05A3C /* Presentation */,
			);
			path = StudyGroup;
			sourceTree = "<group>";
		};
		0557FA272B4C0F4700D05A3C /* Presentation */ = {
			isa = PBXGroup;
			children = (
				0557FA282B4C0F4D00D05A3C /* View */,
			);
			path = Presentation;
			sourceTree = "<group>";
		};
		0557FA282B4C0F4D00D05A3C /* View */ = {
			isa = PBXGroup;
			children = (
				0557FA292B4C0F8600D05A3C /* StudyGroupView.swift */,
			);
			path = View;
			sourceTree = "<group>";
		};
		0586D9562B5E69C8001D2324 /* Root */ = {
			isa = PBXGroup;
			children = (
				0517F1BC2AE7581000FD855A /* ContentView.swift */,
				0586D9572B5E69FA001D2324 /* ContentViewModel.swift */,
			);
			path = Root;
			sourceTree = "<group>";
		};
		0586D95B2B5E7598001D2324 /* Modifiers */ = {
			isa = PBXGroup;
			children = (
				0586D95C2B5E75BA001D2324 /* TextFieldModifier.swift */,
				0586D9602B600EC8001D2324 /* RootModifier.swift */,
			);
			path = Modifiers;
			sourceTree = "<group>";
		};
		0586D9622B601D98001D2324 /* Banner */ = {
			isa = PBXGroup;
			children = (
				0586D9632B601DAE001D2324 /* TipsBanner.swift */,
				0586D96C2B602630001D2324 /* CTABanner.swift */,
				0586D96E2B602639001D2324 /* LeaderboardBanner.swift */,
			);
			path = Banner;
			sourceTree = "<group>";
		};
		0586D9672B602586001D2324 /* Thread */ = {
			isa = PBXGroup;
			children = (
				0586D9742B602693001D2324 /* Thread.swift */,
			);
			path = Thread;
			sourceTree = "<group>";
		};
		0586D96A2B6025D0001D2324 /* User */ = {
			isa = PBXGroup;
			children = (
				0586D9722B602679001D2324 /* User.swift */,
			);
			path = User;
			sourceTree = "<group>";
		};
		0586D96B2B6025DD001D2324 /* Card */ = {
			isa = PBXGroup;
			children = (
				0586D9702B602656001D2324 /* MainCard.swift */,
			);
			path = Card;
			sourceTree = "<group>";
		};
		05FA54082B5CCCD000AFE0C8 /* Services */ = {
			isa = PBXGroup;
			children = (
				05FA540E2B5CD36B00AFE0C8 /* Firebase */,
			);
			path = Services;
			sourceTree = "<group>";
		};
		05FA540E2B5CD36B00AFE0C8 /* Firebase */ = {
			isa = PBXGroup;
			children = (
				05FA54092B5CCCE400AFE0C8 /* AuthService.swift */,
				05FA540C2B5CD17900AFE0C8 /* UserService.swift */,
			);
			path = Firebase;
			sourceTree = "<group>";
		};
/* End PBXGroup section */

/* Begin PBXNativeTarget section */
		0517F1B62AE7581000FD855A /* StudyFora */ = {
			isa = PBXNativeTarget;
			buildConfigurationList = 0517F1C52AE7581100FD855A /* Build configuration list for PBXNativeTarget "StudyFora" */;
			buildPhases = (
				0517F1B32AE7581000FD855A /* Sources */,
				0517F1B42AE7581000FD855A /* Frameworks */,
				0517F1B52AE7581000FD855A /* Resources */,
				054BA0042B3AB45D00DC82A2 /* ShellScript */,
			);
			buildRules = (
			);
			dependencies = (
			);
			name = StudyFora;
			packageProductDependencies = (
				0517F1CB2AE75DF700FD855A /* FirebaseAnalytics */,
				0517F1CD2AE75DF700FD855A /* FirebaseAnalyticsOnDeviceConversion */,
				0517F1CF2AE75DF700FD855A /* FirebaseAnalyticsSwift */,
				0517F1D12AE75DF700FD855A /* FirebaseAnalyticsWithoutAdIdSupport */,
				0517F1D32AE75DF700FD855A /* FirebaseAppCheck */,
				0517F1D52AE75DF700FD855A /* FirebaseAppDistribution-Beta */,
				0517F1D72AE75DF700FD855A /* FirebaseAuth */,
				0517F1D92AE75DF700FD855A /* FirebaseAuthCombine-Community */,
				0517F1DB2AE75DF700FD855A /* FirebaseCrashlytics */,
				0517F1DD2AE75DF700FD855A /* FirebaseDatabase */,
				0517F1DF2AE75DF700FD855A /* FirebaseDatabaseSwift */,
				0517F1E12AE75DF700FD855A /* FirebaseDynamicLinks */,
				0517F1E32AE75DF700FD855A /* FirebaseFirestore */,
				0517F1E52AE75DF700FD855A /* FirebaseFirestoreCombine-Community */,
				0517F1E72AE75DF700FD855A /* FirebaseFirestoreSwift */,
				0517F1E92AE75DF700FD855A /* FirebaseFunctions */,
				0517F1EB2AE75DF700FD855A /* FirebaseFunctionsCombine-Community */,
				0517F1ED2AE75DF700FD855A /* FirebaseInAppMessaging-Beta */,
				0517F1EF2AE75DF700FD855A /* FirebaseInAppMessagingSwift-Beta */,
				0517F1F12AE75DF700FD855A /* FirebaseInstallations */,
				0517F1F32AE75DF700FD855A /* FirebaseMLModelDownloader */,
				0517F1F52AE75DF700FD855A /* FirebaseMessaging */,
				0517F1F72AE75DF700FD855A /* FirebasePerformance */,
				0517F1F92AE75DF700FD855A /* FirebaseRemoteConfig */,
				0517F1FB2AE75DF700FD855A /* FirebaseRemoteConfigSwift */,
				0517F1FD2AE75DF700FD855A /* FirebaseStorage */,
				0517F1FF2AE75DF700FD855A /* FirebaseStorageCombine-Community */,
				0557F9FB2B49560F00D05A3C /* GoogleSignIn */,
				0557F9FD2B49560F00D05A3C /* GoogleSignInSwift */,
			);
			productName = StudyFora;
			productReference = 0517F1B72AE7581000FD855A /* StudyFora.app */;
			productType = "com.apple.product-type.application";
		};
/* End PBXNativeTarget section */

/* Begin PBXProject section */
		0517F1AF2AE7581000FD855A /* Project object */ = {
			isa = PBXProject;
			attributes = {
				BuildIndependentTargetsInParallel = 1;
				LastSwiftUpdateCheck = 1500;
				LastUpgradeCheck = 1500;
				TargetAttributes = {
					0517F1B62AE7581000FD855A = {
						CreatedOnToolsVersion = 15.0.1;
					};
				};
			};
			buildConfigurationList = 0517F1B22AE7581000FD855A /* Build configuration list for PBXProject "StudyFora" */;
			compatibilityVersion = "Xcode 14.0";
			developmentRegion = en;
			hasScannedForEncodings = 0;
			knownRegions = (
				en,
				Base,
			);
			mainGroup = 0517F1AE2AE7581000FD855A;
			packageReferences = (
				0517F1CA2AE75DF700FD855A /* XCRemoteSwiftPackageReference "firebase-ios-sdk" */,
				0557F9FA2B49560F00D05A3C /* XCRemoteSwiftPackageReference "GoogleSignIn-iOS" */,
			);
			productRefGroup = 0517F1B82AE7581000FD855A /* Products */;
			projectDirPath = "";
			projectRoot = "";
			targets = (
				0517F1B62AE7581000FD855A /* StudyFora */,
			);
		};
/* End PBXProject section */

/* Begin PBXResourcesBuildPhase section */
		0517F1B52AE7581000FD855A /* Resources */ = {
			isa = PBXResourcesBuildPhase;
			buildActionMask = 2147483647;
			files = (
				0517F1C22AE7581100FD855A /* Preview Assets.xcassets in Resources */,
				0517F1BF2AE7581100FD855A /* Assets.xcassets in Resources */,
				0557FA012B495E2900D05A3C /* GoogleService-Info.plist in Resources */,
			);
			runOnlyForDeploymentPostprocessing = 0;
		};
/* End PBXResourcesBuildPhase section */

/* Begin PBXShellScriptBuildPhase section */
		054BA0042B3AB45D00DC82A2 /* ShellScript */ = {
			isa = PBXShellScriptBuildPhase;
			alwaysOutOfDate = 1;
			buildActionMask = 2147483647;
			files = (
			);
			inputFileListPaths = (
			);
			inputPaths = (
				"${DWARF_DSYM_FOLDER_PATH}/${DWARF_DSYM_FILE_NAME}",
				"${DWARF_DSYM_FOLDER_PATH}/${DWARF_DSYM_FILE_NAME}/Contents/Resources/DWARF/${PRODUCT_NAME}",
				"${DWARF_DSYM_FOLDER_PATH}/${DWARF_DSYM_FILE_NAME}/Contents/Info.plist",
				"$(TARGET_BUILD_DIR)/$(UNLOCALIZED_RESOURCES_FOLDER_PATH)/GoogleService-Info.plist",
				"$(TARGET_BUILD_DIR)/$(EXECUTABLE_PATH)",
			);
			outputFileListPaths = (
			);
			outputPaths = (
			);
			runOnlyForDeploymentPostprocessing = 0;
			shellPath = /bin/sh;
			shellScript = "
";
		};
/* End PBXShellScriptBuildPhase section */

/* Begin PBXSourcesBuildPhase section */
		0517F1B32AE7581000FD855A /* Sources */ = {
			isa = PBXSourcesBuildPhase;
			buildActionMask = 2147483647;
			files = (
				056FBC692B620228002B1F4C /* ImagePreview.swift in Sources */,
				0557FA102B4A7D0E00D05A3C /* UIDevice.swift in Sources */,
				05D062882B612487002E5D91 /* PhotoFrame.swift in Sources */,
				054BA0032B3A78B500DC82A2 /* ProfileView.swift in Sources */,
				0586D9642B601DAE001D2324 /* TipsBanner.swift in Sources */,
				054BA0142B3AE10F00DC82A2 /* RegisterRepositoryImpl.swift in Sources */,
				0557FA032B4A523E00D05A3C /* GoogleLoginUseCase.swift in Sources */,
				0517F2032AE7685400FD855A /* AppDelegate.swift in Sources */,
				0517F1BD2AE7581000FD855A /* ContentView.swift in Sources */,
				0557FA1B2B4BE0B100D05A3C /* UserRepositoryImpl.swift in Sources */,
				0557FA252B4C074A00D05A3C /* Screen.swift in Sources */,
				0557FA052B4A5AE000D05A3C /* ErrorMessageEnum.swift in Sources */,
				05364DC32B3704A100B00A16 /* RegisterView.swift in Sources */,
				054BA0002B3A76AB00DC82A2 /* Router.swift in Sources */,
				0586D9612B600EC8001D2324 /* RootModifier.swift in Sources */,
				0557FA2A2B4C0F8600D05A3C /* StudyGroupView.swift in Sources */,
				0557FA1E2B4BE6A400D05A3C /* ProfileViewModel.swift in Sources */,
				05364DC62B3704B000B00A16 /* RegisterViewModel.swift in Sources */,
				0586D96D2B602630001D2324 /* CTABanner.swift in Sources */,
				054BA0092B3ADC0700DC82A2 /* RegisterRepository.swift in Sources */,
				05364DC92B37075600B00A16 /* StatesEnum.swift in Sources */,
				0557F9F22B4951AC00D05A3C /* LoginRepositoryImpl.swift in Sources */,
				0557FA232B4C059D00D05A3C /* HomeView.swift in Sources */,
				0557FA072B4A640200D05A3C /* CredentialLoginUseCase.swift in Sources */,
				0557F9EE2B4950E000D05A3C /* LoginRepository.swift in Sources */,
				05FA540D2B5CD17900AFE0C8 /* UserService.swift in Sources */,
				0586D96F2B602639001D2324 /* LeaderboardBanner.swift in Sources */,
				0557F9F72B4952AC00D05A3C /* LoginView.swift in Sources */,
				0557FA122B4A7D9200D05A3C /* Color.swift in Sources */,
				0557FA192B4BDF8A00D05A3C /* UserRepository.swift in Sources */,
				0586D9712B602656001D2324 /* MainCard.swift in Sources */,
				054BA00B2B3ADCA400DC82A2 /* RegisterUseCase.swift in Sources */,
				054BA01B2B3C0F5500DC82A2 /* RegisterRequestModel.swift in Sources */,
				0557FA092B4A6D1400D05A3C /* EnvironmentValues.swift in Sources */,
				0557FA172B4BD48D00D05A3C /* UserModel.swift in Sources */,
				0517F1BB2AE7581000FD855A /* StudyForaApp.swift in Sources */,
				0586D9752B602693001D2324 /* Thread.swift in Sources */,
				0557FA0E2B4A7A2300D05A3C /* MainButton.swift in Sources */,
				0586D95D2B5E75BA001D2324 /* TextFieldModifier.swift in Sources */,
				054BA0202B3C123300DC82A2 /* LoginReponseModel.swift in Sources */,
				0586D9582B5E69FA001D2324 /* ContentViewModel.swift in Sources */,
				05FA540A2B5CCCE400AFE0C8 /* AuthService.swift in Sources */,
				0557F9F92B49530400D05A3C /* LoginViewModel.swift in Sources */,
				0557F9EB2B4950CC00D05A3C /* EmailLoginUseCase.swift in Sources */,
				0586D9732B602679001D2324 /* User.swift in Sources */,
			);
			runOnlyForDeploymentPostprocessing = 0;
		};
/* End PBXSourcesBuildPhase section */

/* Begin XCBuildConfiguration section */
		0517F1C32AE7581100FD855A /* Debug */ = {
			isa = XCBuildConfiguration;
			buildSettings = {
				ALWAYS_SEARCH_USER_PATHS = NO;
				ASSETCATALOG_COMPILER_GENERATE_SWIFT_ASSET_SYMBOL_EXTENSIONS = YES;
				CLANG_ANALYZER_NONNULL = YES;
				CLANG_ANALYZER_NUMBER_OBJECT_CONVERSION = YES_AGGRESSIVE;
				CLANG_CXX_LANGUAGE_STANDARD = "gnu++20";
				CLANG_ENABLE_MODULES = YES;
				CLANG_ENABLE_OBJC_ARC = YES;
				CLANG_ENABLE_OBJC_WEAK = YES;
				CLANG_WARN_BLOCK_CAPTURE_AUTORELEASING = YES;
				CLANG_WARN_BOOL_CONVERSION = YES;
				CLANG_WARN_COMMA = YES;
				CLANG_WARN_CONSTANT_CONVERSION = YES;
				CLANG_WARN_DEPRECATED_OBJC_IMPLEMENTATIONS = YES;
				CLANG_WARN_DIRECT_OBJC_ISA_USAGE = YES_ERROR;
				CLANG_WARN_DOCUMENTATION_COMMENTS = YES;
				CLANG_WARN_EMPTY_BODY = YES;
				CLANG_WARN_ENUM_CONVERSION = YES;
				CLANG_WARN_INFINITE_RECURSION = YES;
				CLANG_WARN_INT_CONVERSION = YES;
				CLANG_WARN_NON_LITERAL_NULL_CONVERSION = YES;
				CLANG_WARN_OBJC_IMPLICIT_RETAIN_SELF = YES;
				CLANG_WARN_OBJC_LITERAL_CONVERSION = YES;
				CLANG_WARN_OBJC_ROOT_CLASS = YES_ERROR;
				CLANG_WARN_QUOTED_INCLUDE_IN_FRAMEWORK_HEADER = YES;
				CLANG_WARN_RANGE_LOOP_ANALYSIS = YES;
				CLANG_WARN_STRICT_PROTOTYPES = YES;
				CLANG_WARN_SUSPICIOUS_MOVE = YES;
				CLANG_WARN_UNGUARDED_AVAILABILITY = YES_AGGRESSIVE;
				CLANG_WARN_UNREACHABLE_CODE = YES;
				CLANG_WARN__DUPLICATE_METHOD_MATCH = YES;
				COPY_PHASE_STRIP = NO;
				DEBUG_INFORMATION_FORMAT = dwarf;
				ENABLE_STRICT_OBJC_MSGSEND = YES;
				ENABLE_TESTABILITY = YES;
				ENABLE_USER_SCRIPT_SANDBOXING = YES;
				GCC_C_LANGUAGE_STANDARD = gnu17;
				GCC_DYNAMIC_NO_PIC = NO;
				GCC_NO_COMMON_BLOCKS = YES;
				GCC_OPTIMIZATION_LEVEL = 0;
				GCC_PREPROCESSOR_DEFINITIONS = (
					"DEBUG=1",
					"$(inherited)",
				);
				GCC_WARN_64_TO_32_BIT_CONVERSION = YES;
				GCC_WARN_ABOUT_RETURN_TYPE = YES_ERROR;
				GCC_WARN_UNDECLARED_SELECTOR = YES;
				GCC_WARN_UNINITIALIZED_AUTOS = YES_AGGRESSIVE;
				GCC_WARN_UNUSED_FUNCTION = YES;
				GCC_WARN_UNUSED_VARIABLE = YES;
				IPHONEOS_DEPLOYMENT_TARGET = 17.0;
				LOCALIZATION_PREFERS_STRING_CATALOGS = YES;
				MTL_ENABLE_DEBUG_INFO = INCLUDE_SOURCE;
				MTL_FAST_MATH = YES;
				ONLY_ACTIVE_ARCH = YES;
				SDKROOT = iphoneos;
				SWIFT_ACTIVE_COMPILATION_CONDITIONS = "DEBUG $(inherited)";
				SWIFT_OPTIMIZATION_LEVEL = "-Onone";
			};
			name = Debug;
		};
		0517F1C42AE7581100FD855A /* Release */ = {
			isa = XCBuildConfiguration;
			buildSettings = {
				ALWAYS_SEARCH_USER_PATHS = NO;
				ASSETCATALOG_COMPILER_GENERATE_SWIFT_ASSET_SYMBOL_EXTENSIONS = YES;
				CLANG_ANALYZER_NONNULL = YES;
				CLANG_ANALYZER_NUMBER_OBJECT_CONVERSION = YES_AGGRESSIVE;
				CLANG_CXX_LANGUAGE_STANDARD = "gnu++20";
				CLANG_ENABLE_MODULES = YES;
				CLANG_ENABLE_OBJC_ARC = YES;
				CLANG_ENABLE_OBJC_WEAK = YES;
				CLANG_WARN_BLOCK_CAPTURE_AUTORELEASING = YES;
				CLANG_WARN_BOOL_CONVERSION = YES;
				CLANG_WARN_COMMA = YES;
				CLANG_WARN_CONSTANT_CONVERSION = YES;
				CLANG_WARN_DEPRECATED_OBJC_IMPLEMENTATIONS = YES;
				CLANG_WARN_DIRECT_OBJC_ISA_USAGE = YES_ERROR;
				CLANG_WARN_DOCUMENTATION_COMMENTS = YES;
				CLANG_WARN_EMPTY_BODY = YES;
				CLANG_WARN_ENUM_CONVERSION = YES;
				CLANG_WARN_INFINITE_RECURSION = YES;
				CLANG_WARN_INT_CONVERSION = YES;
				CLANG_WARN_NON_LITERAL_NULL_CONVERSION = YES;
				CLANG_WARN_OBJC_IMPLICIT_RETAIN_SELF = YES;
				CLANG_WARN_OBJC_LITERAL_CONVERSION = YES;
				CLANG_WARN_OBJC_ROOT_CLASS = YES_ERROR;
				CLANG_WARN_QUOTED_INCLUDE_IN_FRAMEWORK_HEADER = YES;
				CLANG_WARN_RANGE_LOOP_ANALYSIS = YES;
				CLANG_WARN_STRICT_PROTOTYPES = YES;
				CLANG_WARN_SUSPICIOUS_MOVE = YES;
				CLANG_WARN_UNGUARDED_AVAILABILITY = YES_AGGRESSIVE;
				CLANG_WARN_UNREACHABLE_CODE = YES;
				CLANG_WARN__DUPLICATE_METHOD_MATCH = YES;
				COPY_PHASE_STRIP = NO;
				DEBUG_INFORMATION_FORMAT = "dwarf-with-dsym";
				ENABLE_NS_ASSERTIONS = NO;
				ENABLE_STRICT_OBJC_MSGSEND = YES;
				ENABLE_USER_SCRIPT_SANDBOXING = YES;
				GCC_C_LANGUAGE_STANDARD = gnu17;
				GCC_NO_COMMON_BLOCKS = YES;
				GCC_WARN_64_TO_32_BIT_CONVERSION = YES;
				GCC_WARN_ABOUT_RETURN_TYPE = YES_ERROR;
				GCC_WARN_UNDECLARED_SELECTOR = YES;
				GCC_WARN_UNINITIALIZED_AUTOS = YES_AGGRESSIVE;
				GCC_WARN_UNUSED_FUNCTION = YES;
				GCC_WARN_UNUSED_VARIABLE = YES;
				IPHONEOS_DEPLOYMENT_TARGET = 17.0;
				LOCALIZATION_PREFERS_STRING_CATALOGS = YES;
				MTL_ENABLE_DEBUG_INFO = NO;
				MTL_FAST_MATH = YES;
				SDKROOT = iphoneos;
				SWIFT_COMPILATION_MODE = wholemodule;
				VALIDATE_PRODUCT = YES;
			};
			name = Release;
		};
		0517F1C62AE7581100FD855A /* Debug */ = {
			isa = XCBuildConfiguration;
			buildSettings = {
				ASSETCATALOG_COMPILER_APPICON_NAME = AppIcon;
				ASSETCATALOG_COMPILER_GLOBAL_ACCENT_COLOR_NAME = AccentColor;
				CODE_SIGN_STYLE = Automatic;
				CURRENT_PROJECT_VERSION = 1;
				DEBUG_INFORMATION_FORMAT = "dwarf-with-dsym";
				DEVELOPMENT_ASSET_PATHS = "\"StudyFora/Preview Content\"";
				DEVELOPMENT_TEAM = BJAYFXKN5Y;
				ENABLE_PREVIEWS = YES;
				GENERATE_INFOPLIST_FILE = YES;
				INFOPLIST_FILE = StudyFora/Info.plist;
				INFOPLIST_KEY_CFBundleDisplayName = "Study Fora";
				INFOPLIST_KEY_LSApplicationCategoryType = "public.app-category.education";
				INFOPLIST_KEY_UIApplicationSceneManifest_Generation = YES;
				INFOPLIST_KEY_UIApplicationSupportsIndirectInputEvents = YES;
				INFOPLIST_KEY_UILaunchScreen_Generation = YES;
				INFOPLIST_KEY_UISupportedInterfaceOrientations_iPad = "UIInterfaceOrientationPortrait UIInterfaceOrientationPortraitUpsideDown UIInterfaceOrientationLandscapeLeft UIInterfaceOrientationLandscapeRight";
				INFOPLIST_KEY_UISupportedInterfaceOrientations_iPhone = "UIInterfaceOrientationPortrait UIInterfaceOrientationLandscapeLeft UIInterfaceOrientationLandscapeRight";
				IPHONEOS_DEPLOYMENT_TARGET = 17.0;
				LD_RUNPATH_SEARCH_PATHS = (
					"$(inherited)",
					"@executable_path/Frameworks",
				);
				MARKETING_VERSION = 1.0;
				PRODUCT_BUNDLE_IDENTIFIER = com.carissafarry.StudyFora;
				PRODUCT_NAME = "$(TARGET_NAME)";
				SUPPORTED_PLATFORMS = "iphoneos iphonesimulator";
				SUPPORTS_MACCATALYST = NO;
				SWIFT_EMIT_LOC_STRINGS = YES;
				SWIFT_VERSION = 5.0;
				TARGETED_DEVICE_FAMILY = 1;
			};
			name = Debug;
		};
		0517F1C72AE7581100FD855A /* Release */ = {
			isa = XCBuildConfiguration;
			buildSettings = {
				ASSETCATALOG_COMPILER_APPICON_NAME = AppIcon;
				ASSETCATALOG_COMPILER_GLOBAL_ACCENT_COLOR_NAME = AccentColor;
				CODE_SIGN_STYLE = Automatic;
				CURRENT_PROJECT_VERSION = 1;
				DEVELOPMENT_ASSET_PATHS = "\"StudyFora/Preview Content\"";
				DEVELOPMENT_TEAM = BJAYFXKN5Y;
				ENABLE_PREVIEWS = YES;
				GENERATE_INFOPLIST_FILE = YES;
				INFOPLIST_FILE = StudyFora/Info.plist;
				INFOPLIST_KEY_CFBundleDisplayName = "Study Fora";
				INFOPLIST_KEY_LSApplicationCategoryType = "public.app-category.education";
				INFOPLIST_KEY_UIApplicationSceneManifest_Generation = YES;
				INFOPLIST_KEY_UIApplicationSupportsIndirectInputEvents = YES;
				INFOPLIST_KEY_UILaunchScreen_Generation = YES;
				INFOPLIST_KEY_UISupportedInterfaceOrientations_iPad = "UIInterfaceOrientationPortrait UIInterfaceOrientationPortraitUpsideDown UIInterfaceOrientationLandscapeLeft UIInterfaceOrientationLandscapeRight";
				INFOPLIST_KEY_UISupportedInterfaceOrientations_iPhone = "UIInterfaceOrientationPortrait UIInterfaceOrientationLandscapeLeft UIInterfaceOrientationLandscapeRight";
				IPHONEOS_DEPLOYMENT_TARGET = 17.0;
				LD_RUNPATH_SEARCH_PATHS = (
					"$(inherited)",
					"@executable_path/Frameworks",
				);
				MARKETING_VERSION = 1.0;
				PRODUCT_BUNDLE_IDENTIFIER = com.carissafarry.StudyFora;
				PRODUCT_NAME = "$(TARGET_NAME)";
				SUPPORTED_PLATFORMS = "iphoneos iphonesimulator";
				SUPPORTS_MACCATALYST = NO;
				SWIFT_EMIT_LOC_STRINGS = YES;
				SWIFT_VERSION = 5.0;
				TARGETED_DEVICE_FAMILY = 1;
			};
			name = Release;
		};
/* End XCBuildConfiguration section */

/* Begin XCConfigurationList section */
		0517F1B22AE7581000FD855A /* Build configuration list for PBXProject "StudyFora" */ = {
			isa = XCConfigurationList;
			buildConfigurations = (
				0517F1C32AE7581100FD855A /* Debug */,
				0517F1C42AE7581100FD855A /* Release */,
			);
			defaultConfigurationIsVisible = 0;
			defaultConfigurationName = Release;
		};
		0517F1C52AE7581100FD855A /* Build configuration list for PBXNativeTarget "StudyFora" */ = {
			isa = XCConfigurationList;
			buildConfigurations = (
				0517F1C62AE7581100FD855A /* Debug */,
				0517F1C72AE7581100FD855A /* Release */,
			);
			defaultConfigurationIsVisible = 0;
			defaultConfigurationName = Release;
		};
/* End XCConfigurationList section */

/* Begin XCRemoteSwiftPackageReference section */
		0517F1CA2AE75DF700FD855A /* XCRemoteSwiftPackageReference "firebase-ios-sdk" */ = {
			isa = XCRemoteSwiftPackageReference;
			repositoryURL = "https://github.com/firebase/firebase-ios-sdk";
			requirement = {
				kind = upToNextMajorVersion;
				minimumVersion = 10.16.0;
			};
		};
		0557F9FA2B49560F00D05A3C /* XCRemoteSwiftPackageReference "GoogleSignIn-iOS" */ = {
			isa = XCRemoteSwiftPackageReference;
			repositoryURL = "https://github.com/google/GoogleSignIn-iOS";
			requirement = {
				kind = upToNextMajorVersion;
				minimumVersion = 7.0.0;
			};
		};
/* End XCRemoteSwiftPackageReference section */

/* Begin XCSwiftPackageProductDependency section */
		0517F1CB2AE75DF700FD855A /* FirebaseAnalytics */ = {
			isa = XCSwiftPackageProductDependency;
			package = 0517F1CA2AE75DF700FD855A /* XCRemoteSwiftPackageReference "firebase-ios-sdk" */;
			productName = FirebaseAnalytics;
		};
		0517F1CD2AE75DF700FD855A /* FirebaseAnalyticsOnDeviceConversion */ = {
			isa = XCSwiftPackageProductDependency;
			package = 0517F1CA2AE75DF700FD855A /* XCRemoteSwiftPackageReference "firebase-ios-sdk" */;
			productName = FirebaseAnalyticsOnDeviceConversion;
		};
		0517F1CF2AE75DF700FD855A /* FirebaseAnalyticsSwift */ = {
			isa = XCSwiftPackageProductDependency;
			package = 0517F1CA2AE75DF700FD855A /* XCRemoteSwiftPackageReference "firebase-ios-sdk" */;
			productName = FirebaseAnalyticsSwift;
		};
		0517F1D12AE75DF700FD855A /* FirebaseAnalyticsWithoutAdIdSupport */ = {
			isa = XCSwiftPackageProductDependency;
			package = 0517F1CA2AE75DF700FD855A /* XCRemoteSwiftPackageReference "firebase-ios-sdk" */;
			productName = FirebaseAnalyticsWithoutAdIdSupport;
		};
		0517F1D32AE75DF700FD855A /* FirebaseAppCheck */ = {
			isa = XCSwiftPackageProductDependency;
			package = 0517F1CA2AE75DF700FD855A /* XCRemoteSwiftPackageReference "firebase-ios-sdk" */;
			productName = FirebaseAppCheck;
		};
		0517F1D52AE75DF700FD855A /* FirebaseAppDistribution-Beta */ = {
			isa = XCSwiftPackageProductDependency;
			package = 0517F1CA2AE75DF700FD855A /* XCRemoteSwiftPackageReference "firebase-ios-sdk" */;
			productName = "FirebaseAppDistribution-Beta";
		};
		0517F1D72AE75DF700FD855A /* FirebaseAuth */ = {
			isa = XCSwiftPackageProductDependency;
			package = 0517F1CA2AE75DF700FD855A /* XCRemoteSwiftPackageReference "firebase-ios-sdk" */;
			productName = FirebaseAuth;
		};
		0517F1D92AE75DF700FD855A /* FirebaseAuthCombine-Community */ = {
			isa = XCSwiftPackageProductDependency;
			package = 0517F1CA2AE75DF700FD855A /* XCRemoteSwiftPackageReference "firebase-ios-sdk" */;
			productName = "FirebaseAuthCombine-Community";
		};
		0517F1DB2AE75DF700FD855A /* FirebaseCrashlytics */ = {
			isa = XCSwiftPackageProductDependency;
			package = 0517F1CA2AE75DF700FD855A /* XCRemoteSwiftPackageReference "firebase-ios-sdk" */;
			productName = FirebaseCrashlytics;
		};
		0517F1DD2AE75DF700FD855A /* FirebaseDatabase */ = {
			isa = XCSwiftPackageProductDependency;
			package = 0517F1CA2AE75DF700FD855A /* XCRemoteSwiftPackageReference "firebase-ios-sdk" */;
			productName = FirebaseDatabase;
		};
		0517F1DF2AE75DF700FD855A /* FirebaseDatabaseSwift */ = {
			isa = XCSwiftPackageProductDependency;
			package = 0517F1CA2AE75DF700FD855A /* XCRemoteSwiftPackageReference "firebase-ios-sdk" */;
			productName = FirebaseDatabaseSwift;
		};
		0517F1E12AE75DF700FD855A /* FirebaseDynamicLinks */ = {
			isa = XCSwiftPackageProductDependency;
			package = 0517F1CA2AE75DF700FD855A /* XCRemoteSwiftPackageReference "firebase-ios-sdk" */;
			productName = FirebaseDynamicLinks;
		};
		0517F1E32AE75DF700FD855A /* FirebaseFirestore */ = {
			isa = XCSwiftPackageProductDependency;
			package = 0517F1CA2AE75DF700FD855A /* XCRemoteSwiftPackageReference "firebase-ios-sdk" */;
			productName = FirebaseFirestore;
		};
		0517F1E52AE75DF700FD855A /* FirebaseFirestoreCombine-Community */ = {
			isa = XCSwiftPackageProductDependency;
			package = 0517F1CA2AE75DF700FD855A /* XCRemoteSwiftPackageReference "firebase-ios-sdk" */;
			productName = "FirebaseFirestoreCombine-Community";
		};
		0517F1E72AE75DF700FD855A /* FirebaseFirestoreSwift */ = {
			isa = XCSwiftPackageProductDependency;
			package = 0517F1CA2AE75DF700FD855A /* XCRemoteSwiftPackageReference "firebase-ios-sdk" */;
			productName = FirebaseFirestoreSwift;
		};
		0517F1E92AE75DF700FD855A /* FirebaseFunctions */ = {
			isa = XCSwiftPackageProductDependency;
			package = 0517F1CA2AE75DF700FD855A /* XCRemoteSwiftPackageReference "firebase-ios-sdk" */;
			productName = FirebaseFunctions;
		};
		0517F1EB2AE75DF700FD855A /* FirebaseFunctionsCombine-Community */ = {
			isa = XCSwiftPackageProductDependency;
			package = 0517F1CA2AE75DF700FD855A /* XCRemoteSwiftPackageReference "firebase-ios-sdk" */;
			productName = "FirebaseFunctionsCombine-Community";
		};
		0517F1ED2AE75DF700FD855A /* FirebaseInAppMessaging-Beta */ = {
			isa = XCSwiftPackageProductDependency;
			package = 0517F1CA2AE75DF700FD855A /* XCRemoteSwiftPackageReference "firebase-ios-sdk" */;
			productName = "FirebaseInAppMessaging-Beta";
		};
		0517F1EF2AE75DF700FD855A /* FirebaseInAppMessagingSwift-Beta */ = {
			isa = XCSwiftPackageProductDependency;
			package = 0517F1CA2AE75DF700FD855A /* XCRemoteSwiftPackageReference "firebase-ios-sdk" */;
			productName = "FirebaseInAppMessagingSwift-Beta";
		};
		0517F1F12AE75DF700FD855A /* FirebaseInstallations */ = {
			isa = XCSwiftPackageProductDependency;
			package = 0517F1CA2AE75DF700FD855A /* XCRemoteSwiftPackageReference "firebase-ios-sdk" */;
			productName = FirebaseInstallations;
		};
		0517F1F32AE75DF700FD855A /* FirebaseMLModelDownloader */ = {
			isa = XCSwiftPackageProductDependency;
			package = 0517F1CA2AE75DF700FD855A /* XCRemoteSwiftPackageReference "firebase-ios-sdk" */;
			productName = FirebaseMLModelDownloader;
		};
		0517F1F52AE75DF700FD855A /* FirebaseMessaging */ = {
			isa = XCSwiftPackageProductDependency;
			package = 0517F1CA2AE75DF700FD855A /* XCRemoteSwiftPackageReference "firebase-ios-sdk" */;
			productName = FirebaseMessaging;
		};
		0517F1F72AE75DF700FD855A /* FirebasePerformance */ = {
			isa = XCSwiftPackageProductDependency;
			package = 0517F1CA2AE75DF700FD855A /* XCRemoteSwiftPackageReference "firebase-ios-sdk" */;
			productName = FirebasePerformance;
		};
		0517F1F92AE75DF700FD855A /* FirebaseRemoteConfig */ = {
			isa = XCSwiftPackageProductDependency;
			package = 0517F1CA2AE75DF700FD855A /* XCRemoteSwiftPackageReference "firebase-ios-sdk" */;
			productName = FirebaseRemoteConfig;
		};
		0517F1FB2AE75DF700FD855A /* FirebaseRemoteConfigSwift */ = {
			isa = XCSwiftPackageProductDependency;
			package = 0517F1CA2AE75DF700FD855A /* XCRemoteSwiftPackageReference "firebase-ios-sdk" */;
			productName = FirebaseRemoteConfigSwift;
		};
		0517F1FD2AE75DF700FD855A /* FirebaseStorage */ = {
			isa = XCSwiftPackageProductDependency;
			package = 0517F1CA2AE75DF700FD855A /* XCRemoteSwiftPackageReference "firebase-ios-sdk" */;
			productName = FirebaseStorage;
		};
		0517F1FF2AE75DF700FD855A /* FirebaseStorageCombine-Community */ = {
			isa = XCSwiftPackageProductDependency;
			package = 0517F1CA2AE75DF700FD855A /* XCRemoteSwiftPackageReference "firebase-ios-sdk" */;
			productName = "FirebaseStorageCombine-Community";
		};
		0557F9FB2B49560F00D05A3C /* GoogleSignIn */ = {
			isa = XCSwiftPackageProductDependency;
			package = 0557F9FA2B49560F00D05A3C /* XCRemoteSwiftPackageReference "GoogleSignIn-iOS" */;
			productName = GoogleSignIn;
		};
		0557F9FD2B49560F00D05A3C /* GoogleSignInSwift */ = {
			isa = XCSwiftPackageProductDependency;
			package = 0557F9FA2B49560F00D05A3C /* XCRemoteSwiftPackageReference "GoogleSignIn-iOS" */;
			productName = GoogleSignInSwift;
		};
/* End XCSwiftPackageProductDependency section */
	};
	rootObject = 0517F1AF2AE7581000FD855A /* Project object */;
}
